// !$*UTF8*$!
{
	archiveVersion = 1;
	classes = {
	};
	objectVersion = 56;
	objects = {

/* Begin PBXBuildFile section */
		3C770F592BDFD83B003FE3BB /* RestSharerApp.swift in Sources */ = {isa = PBXBuildFile; fileRef = 3C770F582BDFD83B003FE3BB /* RestSharerApp.swift */; };
		3C770F5B2BDFD83B003FE3BB /* ContentView.swift in Sources */ = {isa = PBXBuildFile; fileRef = 3C770F5A2BDFD83B003FE3BB /* ContentView.swift */; };
		3C770F5D2BDFD83D003FE3BB /* Assets.xcassets in Resources */ = {isa = PBXBuildFile; fileRef = 3C770F5C2BDFD83D003FE3BB /* Assets.xcassets */; };
		3C770F602BDFD83D003FE3BB /* Preview Assets.xcassets in Resources */ = {isa = PBXBuildFile; fileRef = 3C770F5F2BDFD83D003FE3BB /* Preview Assets.xcassets */; };
		3C770F712BDFDA86003FE3BB /* Pretendard-Thin.otf in Resources */ = {isa = PBXBuildFile; fileRef = 3C770F6B2BDFDA85003FE3BB /* Pretendard-Thin.otf */; };
		3C770F722BDFDA86003FE3BB /* Pretendard-Light.otf in Resources */ = {isa = PBXBuildFile; fileRef = 3C770F6C2BDFDA85003FE3BB /* Pretendard-Light.otf */; };
		3C770F732BDFDA86003FE3BB /* Pretendard-SemiBold.otf in Resources */ = {isa = PBXBuildFile; fileRef = 3C770F6D2BDFDA85003FE3BB /* Pretendard-SemiBold.otf */; };
		3C770F742BDFDA86003FE3BB /* Pretendard-Regular.otf in Resources */ = {isa = PBXBuildFile; fileRef = 3C770F6E2BDFDA86003FE3BB /* Pretendard-Regular.otf */; };
		3C770F752BDFDA86003FE3BB /* Pretendard-Medium.otf in Resources */ = {isa = PBXBuildFile; fileRef = 3C770F6F2BDFDA86003FE3BB /* Pretendard-Medium.otf */; };
		3C770F762BDFDA86003FE3BB /* Pretendard-Bold.otf in Resources */ = {isa = PBXBuildFile; fileRef = 3C770F702BDFDA86003FE3BB /* Pretendard-Bold.otf */; };
		3C770F7B2BDFDCF3003FE3BB /* Font+.swift in Sources */ = {isa = PBXBuildFile; fileRef = 3C770F7A2BDFDCF3003FE3BB /* Font+.swift */; };
		3C770F7D2BDFDD2D003FE3BB /* CGFloat+.swift in Sources */ = {isa = PBXBuildFile; fileRef = 3C770F7C2BDFDD2D003FE3BB /* CGFloat+.swift */; };
/* End PBXBuildFile section */

/* Begin PBXFileReference section */
		3C770F552BDFD83B003FE3BB /* RestSharer.app */ = {isa = PBXFileReference; explicitFileType = wrapper.application; includeInIndex = 0; path = RestSharer.app; sourceTree = BUILT_PRODUCTS_DIR; };
		3C770F582BDFD83B003FE3BB /* RestSharerApp.swift */ = {isa = PBXFileReference; lastKnownFileType = sourcecode.swift; path = RestSharerApp.swift; sourceTree = "<group>"; };
		3C770F5A2BDFD83B003FE3BB /* ContentView.swift */ = {isa = PBXFileReference; lastKnownFileType = sourcecode.swift; path = ContentView.swift; sourceTree = "<group>"; };
		3C770F5C2BDFD83D003FE3BB /* Assets.xcassets */ = {isa = PBXFileReference; lastKnownFileType = folder.assetcatalog; path = Assets.xcassets; sourceTree = "<group>"; };
		3C770F5F2BDFD83D003FE3BB /* Preview Assets.xcassets */ = {isa = PBXFileReference; lastKnownFileType = folder.assetcatalog; path = "Preview Assets.xcassets"; sourceTree = "<group>"; };
		3C770F6B2BDFDA85003FE3BB /* Pretendard-Thin.otf */ = {isa = PBXFileReference; lastKnownFileType = file; path = "Pretendard-Thin.otf"; sourceTree = "<group>"; };
		3C770F6C2BDFDA85003FE3BB /* Pretendard-Light.otf */ = {isa = PBXFileReference; lastKnownFileType = file; path = "Pretendard-Light.otf"; sourceTree = "<group>"; };
		3C770F6D2BDFDA85003FE3BB /* Pretendard-SemiBold.otf */ = {isa = PBXFileReference; lastKnownFileType = file; path = "Pretendard-SemiBold.otf"; sourceTree = "<group>"; };
		3C770F6E2BDFDA86003FE3BB /* Pretendard-Regular.otf */ = {isa = PBXFileReference; lastKnownFileType = file; path = "Pretendard-Regular.otf"; sourceTree = "<group>"; };
		3C770F6F2BDFDA86003FE3BB /* Pretendard-Medium.otf */ = {isa = PBXFileReference; lastKnownFileType = file; path = "Pretendard-Medium.otf"; sourceTree = "<group>"; };
		3C770F702BDFDA86003FE3BB /* Pretendard-Bold.otf */ = {isa = PBXFileReference; lastKnownFileType = file; path = "Pretendard-Bold.otf"; sourceTree = "<group>"; };
		3C770F782BDFDC97003FE3BB /* Info.plist */ = {isa = PBXFileReference; lastKnownFileType = text.plist; path = Info.plist; sourceTree = "<group>"; };
		3C770F7A2BDFDCF3003FE3BB /* Font+.swift */ = {isa = PBXFileReference; lastKnownFileType = sourcecode.swift; path = "Font+.swift"; sourceTree = "<group>"; };
		3C770F7C2BDFDD2D003FE3BB /* CGFloat+.swift */ = {isa = PBXFileReference; lastKnownFileType = sourcecode.swift; path = "CGFloat+.swift"; sourceTree = "<group>"; };
/* End PBXFileReference section */

/* Begin PBXFrameworksBuildPhase section */
		3C770F522BDFD83B003FE3BB /* Frameworks */ = {
			isa = PBXFrameworksBuildPhase;
			buildActionMask = 2147483647;
			files = (
			);
			runOnlyForDeploymentPostprocessing = 0;
		};
/* End PBXFrameworksBuildPhase section */

/* Begin PBXGroup section */
		3C770F4C2BDFD83B003FE3BB = {
			isa = PBXGroup;
			children = (
				3C770F572BDFD83B003FE3BB /* RestSharer */,
				3C770F562BDFD83B003FE3BB /* Products */,
			);
			sourceTree = "<group>";
		};
		3C770F562BDFD83B003FE3BB /* Products */ = {
			isa = PBXGroup;
			children = (
				3C770F552BDFD83B003FE3BB /* RestSharer.app */,
			);
			name = Products;
			sourceTree = "<group>";
		};
		3C770F572BDFD83B003FE3BB /* RestSharer */ = {
			isa = PBXGroup;
			children = (
				3C770F782BDFDC97003FE3BB /* Info.plist */,
				3C770F582BDFD83B003FE3BB /* RestSharerApp.swift */,
				3C770F662BDFDA2A003FE3BB /* Commons */,
				3C770F792BDFDCE3003FE3BB /* Extension */,
				3C770F772BDFDABE003FE3BB /* View */,
				3C770F5C2BDFD83D003FE3BB /* Assets.xcassets */,
				3C770F5E2BDFD83D003FE3BB /* Preview Content */,
			);
			path = RestSharer;
			sourceTree = "<group>";
		};
		3C770F5E2BDFD83D003FE3BB /* Preview Content */ = {
			isa = PBXGroup;
			children = (
				3C770F5F2BDFD83D003FE3BB /* Preview Assets.xcassets */,
			);
			path = "Preview Content";
			sourceTree = "<group>";
		};
		3C770F662BDFDA2A003FE3BB /* Commons */ = {
			isa = PBXGroup;
			children = (
				3C770F672BDFDA31003FE3BB /* Resource */,
			);
			path = Commons;
			sourceTree = "<group>";
		};
		3C770F672BDFDA31003FE3BB /* Resource */ = {
			isa = PBXGroup;
			children = (
				3C770F6A2BDFDA71003FE3BB /* Fonts */,
			);
			path = Resource;
			sourceTree = "<group>";
		};
		3C770F6A2BDFDA71003FE3BB /* Fonts */ = {
			isa = PBXGroup;
			children = (
				3C770F702BDFDA86003FE3BB /* Pretendard-Bold.otf */,
				3C770F6C2BDFDA85003FE3BB /* Pretendard-Light.otf */,
				3C770F6F2BDFDA86003FE3BB /* Pretendard-Medium.otf */,
				3C770F6E2BDFDA86003FE3BB /* Pretendard-Regular.otf */,
				3C770F6D2BDFDA85003FE3BB /* Pretendard-SemiBold.otf */,
				3C770F6B2BDFDA85003FE3BB /* Pretendard-Thin.otf */,
			);
			path = Fonts;
			sourceTree = "<group>";
		};
		3C770F772BDFDABE003FE3BB /* View */ = {
			isa = PBXGroup;
			children = (
				3C770F5A2BDFD83B003FE3BB /* ContentView.swift */,
			);
			path = View;
			sourceTree = "<group>";
		};
		3C770F792BDFDCE3003FE3BB /* Extension */ = {
			isa = PBXGroup;
			children = (
				3C770F7A2BDFDCF3003FE3BB /* Font+.swift */,
				3C770F7C2BDFDD2D003FE3BB /* CGFloat+.swift */,
			);
			path = Extension;
			sourceTree = "<group>";
		};
/* End PBXGroup section */

/* Begin PBXNativeTarget section */
		3C770F542BDFD83B003FE3BB /* RestSharer */ = {
			isa = PBXNativeTarget;
			buildConfigurationList = 3C770F632BDFD83D003FE3BB /* Build configuration list for PBXNativeTarget "RestSharer" */;
			buildPhases = (
				3C770F512BDFD83B003FE3BB /* Sources */,
				3C770F522BDFD83B003FE3BB /* Frameworks */,
				3C770F532BDFD83B003FE3BB /* Resources */,
			);
			buildRules = (
			);
			dependencies = (
			);
			name = RestSharer;
			productName = RestSharer;
			productReference = 3C770F552BDFD83B003FE3BB /* RestSharer.app */;
			productType = "com.apple.product-type.application";
		};
/* End PBXNativeTarget section */

/* Begin PBXProject section */
		3C770F4D2BDFD83B003FE3BB /* Project object */ = {
			isa = PBXProject;
			attributes = {
				BuildIndependentTargetsInParallel = 1;
				LastSwiftUpdateCheck = 1500;
				LastUpgradeCheck = 1500;
				TargetAttributes = {
					3C770F542BDFD83B003FE3BB = {
						CreatedOnToolsVersion = 15.0.1;
					};
				};
			};
			buildConfigurationList = 3C770F502BDFD83B003FE3BB /* Build configuration list for PBXProject "RestSharer" */;
			compatibilityVersion = "Xcode 14.0";
			developmentRegion = en;
			hasScannedForEncodings = 0;
			knownRegions = (
				en,
				Base,
			);
			mainGroup = 3C770F4C2BDFD83B003FE3BB;
			productRefGroup = 3C770F562BDFD83B003FE3BB /* Products */;
			projectDirPath = "";
			projectRoot = "";
			targets = (
				3C770F542BDFD83B003FE3BB /* RestSharer */,
			);
		};
/* End PBXProject section */

/* Begin PBXResourcesBuildPhase section */
		3C770F532BDFD83B003FE3BB /* Resources */ = {
			isa = PBXResourcesBuildPhase;
			buildActionMask = 2147483647;
			files = (
				3C770F602BDFD83D003FE3BB /* Preview Assets.xcassets in Resources */,
				3C770F5D2BDFD83D003FE3BB /* Assets.xcassets in Resources */,
				3C770F752BDFDA86003FE3BB /* Pretendard-Medium.otf in Resources */,
				3C770F732BDFDA86003FE3BB /* Pretendard-SemiBold.otf in Resources */,
				3C770F742BDFDA86003FE3BB /* Pretendard-Regular.otf in Resources */,
				3C770F722BDFDA86003FE3BB /* Pretendard-Light.otf in Resources */,
				3C770F762BDFDA86003FE3BB /* Pretendard-Bold.otf in Resources */,
				3C770F712BDFDA86003FE3BB /* Pretendard-Thin.otf in Resources */,
			);
			runOnlyForDeploymentPostprocessing = 0;
		};
/* End PBXResourcesBuildPhase section */

/* Begin PBXSourcesBuildPhase section */
		3C770F512BDFD83B003FE3BB /* Sources */ = {
			isa = PBXSourcesBuildPhase;
			buildActionMask = 2147483647;
			files = (
				3C770F7D2BDFDD2D003FE3BB /* CGFloat+.swift in Sources */,
				3C770F7B2BDFDCF3003FE3BB /* Font+.swift in Sources */,
				3C770F5B2BDFD83B003FE3BB /* ContentView.swift in Sources */,
				3C770F592BDFD83B003FE3BB /* RestSharerApp.swift in Sources */,
			);
			runOnlyForDeploymentPostprocessing = 0;
		};
/* End PBXSourcesBuildPhase section */

/* Begin XCBuildConfiguration section */
		3C770F612BDFD83D003FE3BB /* Debug */ = {
			isa = XCBuildConfiguration;
			buildSettings = {
				ALWAYS_SEARCH_USER_PATHS = NO;
				ASSETCATALOG_COMPILER_GENERATE_SWIFT_ASSET_SYMBOL_EXTENSIONS = YES;
				CLANG_ANALYZER_NONNULL = YES;
				CLANG_ANALYZER_NUMBER_OBJECT_CONVERSION = YES_AGGRESSIVE;
				CLANG_CXX_LANGUAGE_STANDARD = "gnu++20";
				CLANG_ENABLE_MODULES = YES;
				CLANG_ENABLE_OBJC_ARC = YES;
				CLANG_ENABLE_OBJC_WEAK = YES;
				CLANG_WARN_BLOCK_CAPTURE_AUTORELEASING = YES;
				CLANG_WARN_BOOL_CONVERSION = YES;
				CLANG_WARN_COMMA = YES;
				CLANG_WARN_CONSTANT_CONVERSION = YES;
				CLANG_WARN_DEPRECATED_OBJC_IMPLEMENTATIONS = YES;
				CLANG_WARN_DIRECT_OBJC_ISA_USAGE = YES_ERROR;
				CLANG_WARN_DOCUMENTATION_COMMENTS = YES;
				CLANG_WARN_EMPTY_BODY = YES;
				CLANG_WARN_ENUM_CONVERSION = YES;
				CLANG_WARN_INFINITE_RECURSION = YES;
				CLANG_WARN_INT_CONVERSION = YES;
				CLANG_WARN_NON_LITERAL_NULL_CONVERSION = YES;
				CLANG_WARN_OBJC_IMPLICIT_RETAIN_SELF = YES;
				CLANG_WARN_OBJC_LITERAL_CONVERSION = YES;
				CLANG_WARN_OBJC_ROOT_CLASS = YES_ERROR;
				CLANG_WARN_QUOTED_INCLUDE_IN_FRAMEWORK_HEADER = YES;
				CLANG_WARN_RANGE_LOOP_ANALYSIS = YES;
				CLANG_WARN_STRICT_PROTOTYPES = YES;
				CLANG_WARN_SUSPICIOUS_MOVE = YES;
				CLANG_WARN_UNGUARDED_AVAILABILITY = YES_AGGRESSIVE;
				CLANG_WARN_UNREACHABLE_CODE = YES;
				CLANG_WARN__DUPLICATE_METHOD_MATCH = YES;
				COPY_PHASE_STRIP = NO;
				DEBUG_INFORMATION_FORMAT = dwarf;
				ENABLE_STRICT_OBJC_MSGSEND = YES;
				ENABLE_TESTABILITY = YES;
				ENABLE_USER_SCRIPT_SANDBOXING = YES;
				GCC_C_LANGUAGE_STANDARD = gnu17;
				GCC_DYNAMIC_NO_PIC = NO;
				GCC_NO_COMMON_BLOCKS = YES;
				GCC_OPTIMIZATION_LEVEL = 0;
				GCC_PREPROCESSOR_DEFINITIONS = (
					"DEBUG=1",
					"$(inherited)",
				);
				GCC_WARN_64_TO_32_BIT_CONVERSION = YES;
				GCC_WARN_ABOUT_RETURN_TYPE = YES_ERROR;
				GCC_WARN_UNDECLARED_SELECTOR = YES;
				GCC_WARN_UNINITIALIZED_AUTOS = YES_AGGRESSIVE;
				GCC_WARN_UNUSED_FUNCTION = YES;
				GCC_WARN_UNUSED_VARIABLE = YES;
				IPHONEOS_DEPLOYMENT_TARGET = 17.0;
				LOCALIZATION_PREFERS_STRING_CATALOGS = YES;
				MTL_ENABLE_DEBUG_INFO = INCLUDE_SOURCE;
				MTL_FAST_MATH = YES;
				ONLY_ACTIVE_ARCH = YES;
				SDKROOT = iphoneos;
				SWIFT_ACTIVE_COMPILATION_CONDITIONS = "DEBUG $(inherited)";
				SWIFT_OPTIMIZATION_LEVEL = "-Onone";
			};
			name = Debug;
		};
		3C770F622BDFD83D003FE3BB /* Release */ = {
			isa = XCBuildConfiguration;
			buildSettings = {
				ALWAYS_SEARCH_USER_PATHS = NO;
				ASSETCATALOG_COMPILER_GENERATE_SWIFT_ASSET_SYMBOL_EXTENSIONS = YES;
				CLANG_ANALYZER_NONNULL = YES;
				CLANG_ANALYZER_NUMBER_OBJECT_CONVERSION = YES_AGGRESSIVE;
				CLANG_CXX_LANGUAGE_STANDARD = "gnu++20";
				CLANG_ENABLE_MODULES = YES;
				CLANG_ENABLE_OBJC_ARC = YES;
				CLANG_ENABLE_OBJC_WEAK = YES;
				CLANG_WARN_BLOCK_CAPTURE_AUTORELEASING = YES;
				CLANG_WARN_BOOL_CONVERSION = YES;
				CLANG_WARN_COMMA = YES;
				CLANG_WARN_CONSTANT_CONVERSION = YES;
				CLANG_WARN_DEPRECATED_OBJC_IMPLEMENTATIONS = YES;
				CLANG_WARN_DIRECT_OBJC_ISA_USAGE = YES_ERROR;
				CLANG_WARN_DOCUMENTATION_COMMENTS = YES;
				CLANG_WARN_EMPTY_BODY = YES;
				CLANG_WARN_ENUM_CONVERSION = YES;
				CLANG_WARN_INFINITE_RECURSION = YES;
				CLANG_WARN_INT_CONVERSION = YES;
				CLANG_WARN_NON_LITERAL_NULL_CONVERSION = YES;
				CLANG_WARN_OBJC_IMPLICIT_RETAIN_SELF = YES;
				CLANG_WARN_OBJC_LITERAL_CONVERSION = YES;
				CLANG_WARN_OBJC_ROOT_CLASS = YES_ERROR;
				CLANG_WARN_QUOTED_INCLUDE_IN_FRAMEWORK_HEADER = YES;
				CLANG_WARN_RANGE_LOOP_ANALYSIS = YES;
				CLANG_WARN_STRICT_PROTOTYPES = YES;
				CLANG_WARN_SUSPICIOUS_MOVE = YES;
				CLANG_WARN_UNGUARDED_AVAILABILITY = YES_AGGRESSIVE;
				CLANG_WARN_UNREACHABLE_CODE = YES;
				CLANG_WARN__DUPLICATE_METHOD_MATCH = YES;
				COPY_PHASE_STRIP = NO;
				DEBUG_INFORMATION_FORMAT = "dwarf-with-dsym";
				ENABLE_NS_ASSERTIONS = NO;
				ENABLE_STRICT_OBJC_MSGSEND = YES;
				ENABLE_USER_SCRIPT_SANDBOXING = YES;
				GCC_C_LANGUAGE_STANDARD = gnu17;
				GCC_NO_COMMON_BLOCKS = YES;
				GCC_WARN_64_TO_32_BIT_CONVERSION = YES;
				GCC_WARN_ABOUT_RETURN_TYPE = YES_ERROR;
				GCC_WARN_UNDECLARED_SELECTOR = YES;
				GCC_WARN_UNINITIALIZED_AUTOS = YES_AGGRESSIVE;
				GCC_WARN_UNUSED_FUNCTION = YES;
				GCC_WARN_UNUSED_VARIABLE = YES;
				IPHONEOS_DEPLOYMENT_TARGET = 17.0;
				LOCALIZATION_PREFERS_STRING_CATALOGS = YES;
				MTL_ENABLE_DEBUG_INFO = NO;
				MTL_FAST_MATH = YES;
				SDKROOT = iphoneos;
				SWIFT_COMPILATION_MODE = wholemodule;
				VALIDATE_PRODUCT = YES;
			};
			name = Release;
		};
		3C770F642BDFD83D003FE3BB /* Debug */ = {
			isa = XCBuildConfiguration;
			buildSettings = {
				ASSETCATALOG_COMPILER_APPICON_NAME = AppIcon;
				ASSETCATALOG_COMPILER_GLOBAL_ACCENT_COLOR_NAME = AccentColor;
				CODE_SIGN_STYLE = Automatic;
				CURRENT_PROJECT_VERSION = 1;
				DEVELOPMENT_ASSET_PATHS = "\"RestSharer/Preview Content\"";
				DEVELOPMENT_TEAM = MAZQ6JDBT4;
				ENABLE_PREVIEWS = YES;
				GENERATE_INFOPLIST_FILE = YES;
				INFOPLIST_FILE = RestSharer/Info.plist;
				INFOPLIST_KEY_UIApplicationSceneManifest_Generation = YES;
				INFOPLIST_KEY_UIApplicationSupportsIndirectInputEvents = YES;
				INFOPLIST_KEY_UILaunchScreen_Generation = YES;
				INFOPLIST_KEY_UISupportedInterfaceOrientations = UIInterfaceOrientationPortrait;
				INFOPLIST_KEY_UISupportedInterfaceOrientations_iPad = "UIInterfaceOrientationLandscapeLeft UIInterfaceOrientationLandscapeRight UIInterfaceOrientationPortrait UIInterfaceOrientationPortraitUpsideDown";
				LD_RUNPATH_SEARCH_PATHS = (
					"$(inherited)",
					"@executable_path/Frameworks",
				);
				MARKETING_VERSION = 1.0;
				PRODUCT_BUNDLE_IDENTIFIER = com.boogios.RestSharer;
				PRODUCT_NAME = "$(TARGET_NAME)";
				SUPPORTED_PLATFORMS = "iphoneos iphonesimulator";
				SUPPORTS_MACCATALYST = NO;
				SUPPORTS_MAC_DESIGNED_FOR_IPHONE_IPAD = NO;
				SWIFT_EMIT_LOC_STRINGS = YES;
				SWIFT_VERSION = 5.0;
				TARGETED_DEVICE_FAMILY = 1;
			};
			name = Debug;
		};
		3C770F652BDFD83D003FE3BB /* Release */ = {
			isa = XCBuildConfiguration;
			buildSettings = {
				ASSETCATALOG_COMPILER_APPICON_NAME = AppIcon;
				ASSETCATALOG_COMPILER_GLOBAL_ACCENT_COLOR_NAME = AccentColor;
				CODE_SIGN_STYLE = Automatic;
				CURRENT_PROJECT_VERSION = 1;
				DEVELOPMENT_ASSET_PATHS = "\"RestSharer/Preview Content\"";
				DEVELOPMENT_TEAM = MAZQ6JDBT4;
				ENABLE_PREVIEWS = YES;
				GENERATE_INFOPLIST_FILE = YES;
				INFOPLIST_FILE = RestSharer/Info.plist;
				INFOPLIST_KEY_UIApplicationSceneManifest_Generation = YES;
				INFOPLIST_KEY_UIApplicationSupportsIndirectInputEvents = YES;
				INFOPLIST_KEY_UILaunchScreen_Generation = YES;
				INFOPLIST_KEY_UISupportedInterfaceOrientations = UIInterfaceOrientationPortrait;
				INFOPLIST_KEY_UISupportedInterfaceOrientations_iPad = "UIInterfaceOrientationLandscapeLeft UIInterfaceOrientationLandscapeRight UIInterfaceOrientationPortrait UIInterfaceOrientationPortraitUpsideDown";
				LD_RUNPATH_SEARCH_PATHS = (
					"$(inherited)",
					"@executable_path/Frameworks",
				);
				MARKETING_VERSION = 1.0;
				PRODUCT_BUNDLE_IDENTIFIER = com.boogios.RestSharer;
				PRODUCT_NAME = "$(TARGET_NAME)";
				SUPPORTED_PLATFORMS = "iphoneos iphonesimulator";
				SUPPORTS_MACCATALYST = NO;
				SUPPORTS_MAC_DESIGNED_FOR_IPHONE_IPAD = NO;
				SWIFT_EMIT_LOC_STRINGS = YES;
				SWIFT_VERSION = 5.0;
				TARGETED_DEVICE_FAMILY = 1;
			};
			name = Release;
		};
/* End XCBuildConfiguration section */

/* Begin XCConfigurationList section */
		3C770F502BDFD83B003FE3BB /* Build configuration list for PBXProject "RestSharer" */ = {
			isa = XCConfigurationList;
			buildConfigurations = (
				3C770F612BDFD83D003FE3BB /* Debug */,
				3C770F622BDFD83D003FE3BB /* Release */,
			);
			defaultConfigurationIsVisible = 0;
			defaultConfigurationName = Release;
		};
		3C770F632BDFD83D003FE3BB /* Build configuration list for PBXNativeTarget "RestSharer" */ = {
			isa = XCConfigurationList;
			buildConfigurations = (
				3C770F642BDFD83D003FE3BB /* Debug */,
				3C770F652BDFD83D003FE3BB /* Release */,
			);
			defaultConfigurationIsVisible = 0;
			defaultConfigurationName = Release;
		};
/* End XCConfigurationList section */
	};
	rootObject = 3C770F4D2BDFD83B003FE3BB /* Project object */;
}
