// !$*UTF8*$!
{
	archiveVersion = 1;
	classes = {
	};
	objectVersion = 56;
	objects = {

/* Begin PBXBuildFile section */
		3C017A362C280A5D000CB620 /* SearchView.swift in Sources */ = {isa = PBXBuildFile; fileRef = 3C017A352C280A5D000CB620 /* SearchView.swift */; };
		3C017A382C280A8F000CB620 /* SearchBarView.swift in Sources */ = {isa = PBXBuildFile; fileRef = 3C017A372C280A8F000CB620 /* SearchBarView.swift */; };
		3C017A3A2C280A9F000CB620 /* SearchPageView.swift in Sources */ = {isa = PBXBuildFile; fileRef = 3C017A392C280A9F000CB620 /* SearchPageView.swift */; };
		3C017A3C2C280AC8000CB620 /* UserListView.swift in Sources */ = {isa = PBXBuildFile; fileRef = 3C017A3B2C280AC8000CB620 /* UserListView.swift */; };
		3C017A3E2C280AD4000CB620 /* SearchUserCellView.swift in Sources */ = {isa = PBXBuildFile; fileRef = 3C017A3D2C280AD4000CB620 /* SearchUserCellView.swift */; };
		3C017A402C280AFE000CB620 /* SearchStore.swift in Sources */ = {isa = PBXBuildFile; fileRef = 3C017A3F2C280AFE000CB620 /* SearchStore.swift */; };
		3C017A422C280B5A000CB620 /* FollowStore.swift in Sources */ = {isa = PBXBuildFile; fileRef = 3C017A412C280B5A000CB620 /* FollowStore.swift */; };
		3C017A442C280CD1000CB620 /* LazyView.swift in Sources */ = {isa = PBXBuildFile; fileRef = 3C017A432C280CD1000CB620 /* LazyView.swift */; };
		3C017A462C280CEF000CB620 /* OtherProfileView.swift in Sources */ = {isa = PBXBuildFile; fileRef = 3C017A452C280CEF000CB620 /* OtherProfileView.swift */; };
		3C017A482C280D27000CB620 /* OtherInfoView.swift in Sources */ = {isa = PBXBuildFile; fileRef = 3C017A472C280D27000CB620 /* OtherInfoView.swift */; };
		3C017A4A2C280D52000CB620 /* FollowButton.swift in Sources */ = {isa = PBXBuildFile; fileRef = 3C017A492C280D52000CB620 /* FollowButton.swift */; };
		3C017A692C281E98000CB620 /* MyFollowerFollowingView.swift in Sources */ = {isa = PBXBuildFile; fileRef = 3C017A562C281E98000CB620 /* MyFollowerFollowingView.swift */; };
		3C017A6A2C281E98000CB620 /* MyFollowerView.swift in Sources */ = {isa = PBXBuildFile; fileRef = 3C017A572C281E98000CB620 /* MyFollowerView.swift */; };
		3C017A6B2C281E98000CB620 /* MyFollowingView.swift in Sources */ = {isa = PBXBuildFile; fileRef = 3C017A582C281E98000CB620 /* MyFollowingView.swift */; };
		3C017A6C2C281E98000CB620 /* MyHistoryView.swift in Sources */ = {isa = PBXBuildFile; fileRef = 3C017A5A2C281E98000CB620 /* MyHistoryView.swift */; };
		3C017A6D2C281E98000CB620 /* MySavedView.swift in Sources */ = {isa = PBXBuildFile; fileRef = 3C017A5C2C281E98000CB620 /* MySavedView.swift */; };
		3C017A6E2C281E98000CB620 /* MySavedPlaceView.swift in Sources */ = {isa = PBXBuildFile; fileRef = 3C017A5E2C281E98000CB620 /* MySavedPlaceView.swift */; };
		3C017A6F2C281E98000CB620 /* ShopInfoCardView.swift in Sources */ = {isa = PBXBuildFile; fileRef = 3C017A5F2C281E98000CB620 /* ShopInfoCardView.swift */; };
		3C017A702C281E98000CB620 /* UserImagePickerView.swift in Sources */ = {isa = PBXBuildFile; fileRef = 3C017A612C281E98000CB620 /* UserImagePickerView.swift */; };
		3C017A712C281E98000CB620 /* UserInfoModifyView.swift in Sources */ = {isa = PBXBuildFile; fileRef = 3C017A622C281E98000CB620 /* UserInfoModifyView.swift */; };
		3C017A722C281E99000CB620 /* MyPageFeedView.swift in Sources */ = {isa = PBXBuildFile; fileRef = 3C017A642C281E98000CB620 /* MyPageFeedView.swift */; };
		3C017A732C281E99000CB620 /* MyPageView.swift in Sources */ = {isa = PBXBuildFile; fileRef = 3C017A652C281E98000CB620 /* MyPageView.swift */; };
		3C017A742C281E99000CB620 /* SettingView.swift in Sources */ = {isa = PBXBuildFile; fileRef = 3C017A662C281E98000CB620 /* SettingView.swift */; };
		3C017A752C281E99000CB620 /* UserInfoView.swift in Sources */ = {isa = PBXBuildFile; fileRef = 3C017A672C281E98000CB620 /* UserInfoView.swift */; };
		3C017A772C2820EA000CB620 /* OtherHistoryView.swift in Sources */ = {isa = PBXBuildFile; fileRef = 3C017A762C2820EA000CB620 /* OtherHistoryView.swift */; };
		3C017A792C2820F6000CB620 /* OtherSavedPlaceView.swift in Sources */ = {isa = PBXBuildFile; fileRef = 3C017A782C2820F6000CB620 /* OtherSavedPlaceView.swift */; };
		3C017A7B2C282101000CB620 /* OtherSavedView.swift in Sources */ = {isa = PBXBuildFile; fileRef = 3C017A7A2C282101000CB620 /* OtherSavedView.swift */; };
		3C418F992CA98F5E001E17E7 /* ChatStore.swift in Sources */ = {isa = PBXBuildFile; fileRef = 3C418F982CA98F5E001E17E7 /* ChatStore.swift */; };
		3C418F9B2CA98FBB001E17E7 /* ChatView.swift in Sources */ = {isa = PBXBuildFile; fileRef = 3C418F9A2CA98FBB001E17E7 /* ChatView.swift */; };
		3C418F9D2CA9AA4B001E17E7 /* SendMessageTextField.swift in Sources */ = {isa = PBXBuildFile; fileRef = 3C418F9C2CA9AA4B001E17E7 /* SendMessageTextField.swift */; };
		3C482F762BE084780057D46D /* FirebaseAppCheck in Frameworks */ = {isa = PBXBuildFile; productRef = 3C482F752BE084780057D46D /* FirebaseAppCheck */; };
		3C53463D2BFC73600097511B /* MapFeedCellView.swift in Sources */ = {isa = PBXBuildFile; fileRef = 3C5346362BFC73600097511B /* MapFeedCellView.swift */; };
		3C53463E2BFC73600097511B /* MapFeedSheetView.swift in Sources */ = {isa = PBXBuildFile; fileRef = 3C5346372BFC73600097511B /* MapFeedSheetView.swift */; };
		3C53463F2BFC73600097511B /* LocationDetailMap.swift in Sources */ = {isa = PBXBuildFile; fileRef = 3C5346382BFC73600097511B /* LocationDetailMap.swift */; };
		3C5346402BFC73600097511B /* MapSearchView.swift in Sources */ = {isa = PBXBuildFile; fileRef = 3C5346392BFC73600097511B /* MapSearchView.swift */; };
		3C5346412BFC73600097511B /* PostNaverMap.swift in Sources */ = {isa = PBXBuildFile; fileRef = 3C53463A2BFC73600097511B /* PostNaverMap.swift */; };
		3C5346422BFC73600097511B /* NaverMap.swift in Sources */ = {isa = PBXBuildFile; fileRef = 3C53463B2BFC73600097511B /* NaverMap.swift */; };
		3C5346432BFC73600097511B /* MapMainView.swift in Sources */ = {isa = PBXBuildFile; fileRef = 3C53463C2BFC73600097511B /* MapMainView.swift */; };
		3C5346462BFC74140097511B /* Kingfisher in Frameworks */ = {isa = PBXBuildFile; productRef = 3C5346452BFC74140097511B /* Kingfisher */; };
		3C53464A2BFC760C0097511B /* FeedCellView.swift in Sources */ = {isa = PBXBuildFile; fileRef = 3C5346492BFC760C0097511B /* FeedCellView.swift */; };
		3C53464C2BFC84520097511B /* LocationSearchStore.swift in Sources */ = {isa = PBXBuildFile; fileRef = 3C53464B2BFC84520097511B /* LocationSearchStore.swift */; };
		3C5346532BFC84D10097511B /* Search.swift in Sources */ = {isa = PBXBuildFile; fileRef = 3C5346522BFC84D10097511B /* Search.swift */; };
		3C5547992C6362BF000986D2 /* ChatRoomListView.swift in Sources */ = {isa = PBXBuildFile; fileRef = 3C5547982C6362BF000986D2 /* ChatRoomListView.swift */; };
		3C770F592BDFD83B003FE3BB /* RestSharerApp.swift in Sources */ = {isa = PBXBuildFile; fileRef = 3C770F582BDFD83B003FE3BB /* RestSharerApp.swift */; };
		3C770F5D2BDFD83D003FE3BB /* Assets.xcassets in Resources */ = {isa = PBXBuildFile; fileRef = 3C770F5C2BDFD83D003FE3BB /* Assets.xcassets */; };
		3C770F602BDFD83D003FE3BB /* Preview Assets.xcassets in Resources */ = {isa = PBXBuildFile; fileRef = 3C770F5F2BDFD83D003FE3BB /* Preview Assets.xcassets */; };
		3C770F712BDFDA86003FE3BB /* Pretendard-Thin.otf in Resources */ = {isa = PBXBuildFile; fileRef = 3C770F6B2BDFDA85003FE3BB /* Pretendard-Thin.otf */; };
		3C770F722BDFDA86003FE3BB /* Pretendard-Light.otf in Resources */ = {isa = PBXBuildFile; fileRef = 3C770F6C2BDFDA85003FE3BB /* Pretendard-Light.otf */; };
		3C770F732BDFDA86003FE3BB /* Pretendard-SemiBold.otf in Resources */ = {isa = PBXBuildFile; fileRef = 3C770F6D2BDFDA85003FE3BB /* Pretendard-SemiBold.otf */; };
		3C770F742BDFDA86003FE3BB /* Pretendard-Regular.otf in Resources */ = {isa = PBXBuildFile; fileRef = 3C770F6E2BDFDA86003FE3BB /* Pretendard-Regular.otf */; };
		3C770F752BDFDA86003FE3BB /* Pretendard-Medium.otf in Resources */ = {isa = PBXBuildFile; fileRef = 3C770F6F2BDFDA86003FE3BB /* Pretendard-Medium.otf */; };
		3C770F762BDFDA86003FE3BB /* Pretendard-Bold.otf in Resources */ = {isa = PBXBuildFile; fileRef = 3C770F702BDFDA86003FE3BB /* Pretendard-Bold.otf */; };
		3C770F7B2BDFDCF3003FE3BB /* Font+.swift in Sources */ = {isa = PBXBuildFile; fileRef = 3C770F7A2BDFDCF3003FE3BB /* Font+.swift */; };
		3C770F7D2BDFDD2D003FE3BB /* CGFloat+.swift in Sources */ = {isa = PBXBuildFile; fileRef = 3C770F7C2BDFDD2D003FE3BB /* CGFloat+.swift */; };
		3C770F822BDFDEC3003FE3BB /* FirebaseAnalytics in Frameworks */ = {isa = PBXBuildFile; productRef = 3C770F812BDFDEC3003FE3BB /* FirebaseAnalytics */; };
		3C770F842BDFDEC3003FE3BB /* FirebaseAnalyticsOnDeviceConversion in Frameworks */ = {isa = PBXBuildFile; productRef = 3C770F832BDFDEC3003FE3BB /* FirebaseAnalyticsOnDeviceConversion */; };
		3C770F862BDFDEC3003FE3BB /* FirebaseAnalyticsSwift in Frameworks */ = {isa = PBXBuildFile; productRef = 3C770F852BDFDEC3003FE3BB /* FirebaseAnalyticsSwift */; };
		3C770F882BDFDEC3003FE3BB /* FirebaseAnalyticsWithoutAdIdSupport in Frameworks */ = {isa = PBXBuildFile; productRef = 3C770F872BDFDEC3003FE3BB /* FirebaseAnalyticsWithoutAdIdSupport */; };
		3C770F8C2BE01016003FE3BB /* GoogleService-Info.plist in Resources */ = {isa = PBXBuildFile; fileRef = 3C770F8B2BE01016003FE3BB /* GoogleService-Info.plist */; };
		3C770F8E2BE01077003FE3BB /* Bundle+.swift in Sources */ = {isa = PBXBuildFile; fileRef = 3C770F8D2BE01077003FE3BB /* Bundle+.swift */; };
		3C770F912BE010D8003FE3BB /* AuthStore.swift in Sources */ = {isa = PBXBuildFile; fileRef = 3C770F902BE010D8003FE3BB /* AuthStore.swift */; };
		3C770F942BE0115A003FE3BB /* GoogleSignIn in Frameworks */ = {isa = PBXBuildFile; productRef = 3C770F932BE0115A003FE3BB /* GoogleSignIn */; };
		3C770F962BE0115A003FE3BB /* GoogleSignInSwift in Frameworks */ = {isa = PBXBuildFile; productRef = 3C770F952BE0115A003FE3BB /* GoogleSignInSwift */; };
		3C770F992BE01212003FE3BB /* FirebaseAuth in Frameworks */ = {isa = PBXBuildFile; productRef = 3C770F982BE01212003FE3BB /* FirebaseAuth */; };
		3C770F9B2BE01292003FE3BB /* FirebaseAppDistribution-Beta in Frameworks */ = {isa = PBXBuildFile; productRef = 3C770F9A2BE01292003FE3BB /* FirebaseAppDistribution-Beta */; };
		3C770F9D2BE01292003FE3BB /* FirebaseAuthCombine-Community in Frameworks */ = {isa = PBXBuildFile; productRef = 3C770F9C2BE01292003FE3BB /* FirebaseAuthCombine-Community */; };
		3C770F9F2BE01292003FE3BB /* FirebaseCrashlytics in Frameworks */ = {isa = PBXBuildFile; productRef = 3C770F9E2BE01292003FE3BB /* FirebaseCrashlytics */; };
		3C770FA12BE01292003FE3BB /* FirebaseDatabase in Frameworks */ = {isa = PBXBuildFile; productRef = 3C770FA02BE01292003FE3BB /* FirebaseDatabase */; };
		3C770FA32BE01292003FE3BB /* FirebaseDatabaseSwift in Frameworks */ = {isa = PBXBuildFile; productRef = 3C770FA22BE01292003FE3BB /* FirebaseDatabaseSwift */; };
		3C770FA52BE01292003FE3BB /* FirebaseDynamicLinks in Frameworks */ = {isa = PBXBuildFile; productRef = 3C770FA42BE01292003FE3BB /* FirebaseDynamicLinks */; };
		3C770FA72BE01292003FE3BB /* FirebaseFirestore in Frameworks */ = {isa = PBXBuildFile; productRef = 3C770FA62BE01292003FE3BB /* FirebaseFirestore */; };
		3C770FA92BE01292003FE3BB /* FirebaseFirestoreCombine-Community in Frameworks */ = {isa = PBXBuildFile; productRef = 3C770FA82BE01292003FE3BB /* FirebaseFirestoreCombine-Community */; };
		3C770FAB2BE01292003FE3BB /* FirebaseFirestoreSwift in Frameworks */ = {isa = PBXBuildFile; productRef = 3C770FAA2BE01292003FE3BB /* FirebaseFirestoreSwift */; };
		3C770FAD2BE01292003FE3BB /* FirebaseFunctions in Frameworks */ = {isa = PBXBuildFile; productRef = 3C770FAC2BE01292003FE3BB /* FirebaseFunctions */; };
		3C770FAF2BE01292003FE3BB /* FirebaseFunctionsCombine-Community in Frameworks */ = {isa = PBXBuildFile; productRef = 3C770FAE2BE01292003FE3BB /* FirebaseFunctionsCombine-Community */; };
		3C770FB52BE01292003FE3BB /* FirebaseInstallations in Frameworks */ = {isa = PBXBuildFile; productRef = 3C770FB42BE01292003FE3BB /* FirebaseInstallations */; };
		3C770FB92BE01292003FE3BB /* FirebaseMLModelDownloader in Frameworks */ = {isa = PBXBuildFile; productRef = 3C770FB82BE01292003FE3BB /* FirebaseMLModelDownloader */; };
		3C770FBB2BE01292003FE3BB /* FirebasePerformance in Frameworks */ = {isa = PBXBuildFile; productRef = 3C770FBA2BE01292003FE3BB /* FirebasePerformance */; };
		3C770FBD2BE01292003FE3BB /* FirebaseRemoteConfig in Frameworks */ = {isa = PBXBuildFile; productRef = 3C770FBC2BE01292003FE3BB /* FirebaseRemoteConfig */; };
		3C770FBF2BE01292003FE3BB /* FirebaseRemoteConfigSwift in Frameworks */ = {isa = PBXBuildFile; productRef = 3C770FBE2BE01292003FE3BB /* FirebaseRemoteConfigSwift */; };
		3C770FC12BE01292003FE3BB /* FirebaseStorage in Frameworks */ = {isa = PBXBuildFile; productRef = 3C770FC02BE01292003FE3BB /* FirebaseStorage */; };
		3C770FC32BE01292003FE3BB /* FirebaseStorageCombine-Community in Frameworks */ = {isa = PBXBuildFile; productRef = 3C770FC22BE01292003FE3BB /* FirebaseStorageCombine-Community */; };
		3C770FC52BE0144D003FE3BB /* Path.swift in Sources */ = {isa = PBXBuildFile; fileRef = 3C770FC42BE0144D003FE3BB /* Path.swift */; };
		3C770FCA2BE07B07003FE3BB /* LaunchView.swift in Sources */ = {isa = PBXBuildFile; fileRef = 3C770FC92BE07B07003FE3BB /* LaunchView.swift */; };
		3C770FCC2BE07BAF003FE3BB /* LoginView.swift in Sources */ = {isa = PBXBuildFile; fileRef = 3C770FCB2BE07BAF003FE3BB /* LoginView.swift */; };
		3C94B6972CB3A4890002F767 /* SignUpView.swift in Sources */ = {isa = PBXBuildFile; fileRef = 3C94B6962CB3A4890002F767 /* SignUpView.swift */; };
		3CB45CDD2C057E4B00029934 /* LocationSearchView.swift in Sources */ = {isa = PBXBuildFile; fileRef = 3CB45CD62C057E4A00029934 /* LocationSearchView.swift */; };
		3CB45CDE2C057E4B00029934 /* LocationView.swift in Sources */ = {isa = PBXBuildFile; fileRef = 3CB45CD72C057E4A00029934 /* LocationView.swift */; };
		3CB45CDF2C057E4B00029934 /* CatecoryView.swift in Sources */ = {isa = PBXBuildFile; fileRef = 3CB45CD82C057E4B00029934 /* CatecoryView.swift */; };
		3CB45CE02C057E4B00029934 /* LocationDetailView.swift in Sources */ = {isa = PBXBuildFile; fileRef = 3CB45CD92C057E4B00029934 /* LocationDetailView.swift */; };
		3CB45CE12C057E4B00029934 /* PostView.swift in Sources */ = {isa = PBXBuildFile; fileRef = 3CB45CDA2C057E4B00029934 /* PostView.swift */; };
		3CB45CE22C057E4B00029934 /* PictureView.swift in Sources */ = {isa = PBXBuildFile; fileRef = 3CB45CDB2C057E4B00029934 /* PictureView.swift */; };
		3CB45CE32C057E4B00029934 /* UploadView.swift in Sources */ = {isa = PBXBuildFile; fileRef = 3CB45CDC2C057E4B00029934 /* UploadView.swift */; };
		3CB45CE52C0580F000029934 /* PostStore.swift in Sources */ = {isa = PBXBuildFile; fileRef = 3CB45CE42C0580F000029934 /* PostStore.swift */; };
		3CB45CE72C05816F00029934 /* Feed.swift in Sources */ = {isa = PBXBuildFile; fileRef = 3CB45CE62C05816F00029934 /* Feed.swift */; };
		3CB45CE92C0581FE00029934 /* Alamofire in Frameworks */ = {isa = PBXBuildFile; productRef = 3CB45CE82C0581FE00029934 /* Alamofire */; };
		3CB45CED2C05842500029934 /* View+.swift in Sources */ = {isa = PBXBuildFile; fileRef = 3CB45CEC2C05842500029934 /* View+.swift */; };
		3CB45CEF2C05846A00029934 /* TextMaster.swift in Sources */ = {isa = PBXBuildFile; fileRef = 3CB45CEE2C05846A00029934 /* TextMaster.swift */; };
		3CB45CF12C05856F00029934 /* User.swift in Sources */ = {isa = PBXBuildFile; fileRef = 3CB45CF02C05856F00029934 /* User.swift */; };
		3CB45CF42C0585AC00029934 /* Reservation.swift in Sources */ = {isa = PBXBuildFile; fileRef = 3CB45CF22C0585AB00029934 /* Reservation.swift */; };
		3CB45CF52C0585AC00029934 /* ChatRoom.swift in Sources */ = {isa = PBXBuildFile; fileRef = 3CB45CF32C0585AC00029934 /* ChatRoom.swift */; };
		3CB45CF72C05875C00029934 /* SearchBarTextField.swift in Sources */ = {isa = PBXBuildFile; fileRef = 3CB45CF62C05875C00029934 /* SearchBarTextField.swift */; };
		4F91193F96A518C6E37685EA /* Pods_RestSharer.framework in Frameworks */ = {isa = PBXBuildFile; fileRef = 7E56FD2B6EB68B4211BF649D /* Pods_RestSharer.framework */; };
		CC39421D2C609F0700189D55 /* FeedListView.swift in Sources */ = {isa = PBXBuildFile; fileRef = CC39421C2C609F0700189D55 /* FeedListView.swift */; };
		CC39421F2C609F1F00189D55 /* FeedUpdateView.swift in Sources */ = {isa = PBXBuildFile; fileRef = CC39421E2C609F1F00189D55 /* FeedUpdateView.swift */; };
		CC3942212C609F3E00189D55 /* EmptyFeed.swift in Sources */ = {isa = PBXBuildFile; fileRef = CC3942202C609F3E00189D55 /* EmptyFeed.swift */; };
		CC6D37DA2CBFD037005F5017 /* PrivacyPolicyView.swift in Sources */ = {isa = PBXBuildFile; fileRef = CC6D37D92CBFD037005F5017 /* PrivacyPolicyView.swift */; };
		CCA717562C282FBC00059D31 /* PopupView in Frameworks */ = {isa = PBXBuildFile; productRef = CCA717552C282FBC00059D31 /* PopupView */; };
		CCB315CD2BEE016300039745 /* MainTabView.swift in Sources */ = {isa = PBXBuildFile; fileRef = CCB315CC2BEE016300039745 /* MainTabView.swift */; };
		CCB315CF2BEE01A500039745 /* Color+.swift in Sources */ = {isa = PBXBuildFile; fileRef = CCB315CE2BEE01A500039745 /* Color+.swift */; };
		CCB315D12BEE01E600039745 /* UserStore.swift in Sources */ = {isa = PBXBuildFile; fileRef = CCB315D02BEE01E600039745 /* UserStore.swift */; };
		CCB315D72BEE13C500039745 /* MainHomeView.swift in Sources */ = {isa = PBXBuildFile; fileRef = CCB315D62BEE13C500039745 /* MainHomeView.swift */; };
		CCB315D92BEE13DD00039745 /* FeedMainView.swift in Sources */ = {isa = PBXBuildFile; fileRef = CCB315D82BEE13DD00039745 /* FeedMainView.swift */; };
		CCB315DD2BEE167E00039745 /* FeedStore.swift in Sources */ = {isa = PBXBuildFile; fileRef = CCB315DC2BEE167E00039745 /* FeedStore.swift */; };
		CCB315DF2BEE16BA00039745 /* MyFeed.swift in Sources */ = {isa = PBXBuildFile; fileRef = CCB315DE2BEE16BA00039745 /* MyFeed.swift */; };
		CCB315E12BEE178600039745 /* Modifiers.swift in Sources */ = {isa = PBXBuildFile; fileRef = CCB315E02BEE178600039745 /* Modifiers.swift */; };
		CCCB09342C282CAA006BAE56 /* ToastMessageView.swift in Sources */ = {isa = PBXBuildFile; fileRef = CCCB09332C282CAA006BAE56 /* ToastMessageView.swift */; };
/* End PBXBuildFile section */

/* Begin PBXFileReference section */
		01A1B258A5917BAB17B79E60 /* Pods-RestSharer.release.xcconfig */ = {isa = PBXFileReference; includeInIndex = 1; lastKnownFileType = text.xcconfig; name = "Pods-RestSharer.release.xcconfig"; path = "Target Support Files/Pods-RestSharer/Pods-RestSharer.release.xcconfig"; sourceTree = "<group>"; };
		3C017A352C280A5D000CB620 /* SearchView.swift */ = {isa = PBXFileReference; lastKnownFileType = sourcecode.swift; path = SearchView.swift; sourceTree = "<group>"; };
		3C017A372C280A8F000CB620 /* SearchBarView.swift */ = {isa = PBXFileReference; lastKnownFileType = sourcecode.swift; path = SearchBarView.swift; sourceTree = "<group>"; };
		3C017A392C280A9F000CB620 /* SearchPageView.swift */ = {isa = PBXFileReference; lastKnownFileType = sourcecode.swift; path = SearchPageView.swift; sourceTree = "<group>"; };
		3C017A3B2C280AC8000CB620 /* UserListView.swift */ = {isa = PBXFileReference; lastKnownFileType = sourcecode.swift; path = UserListView.swift; sourceTree = "<group>"; };
		3C017A3D2C280AD4000CB620 /* SearchUserCellView.swift */ = {isa = PBXFileReference; lastKnownFileType = sourcecode.swift; path = SearchUserCellView.swift; sourceTree = "<group>"; };
		3C017A3F2C280AFE000CB620 /* SearchStore.swift */ = {isa = PBXFileReference; lastKnownFileType = sourcecode.swift; path = SearchStore.swift; sourceTree = "<group>"; };
		3C017A412C280B5A000CB620 /* FollowStore.swift */ = {isa = PBXFileReference; lastKnownFileType = sourcecode.swift; path = FollowStore.swift; sourceTree = "<group>"; };
		3C017A432C280CD1000CB620 /* LazyView.swift */ = {isa = PBXFileReference; lastKnownFileType = sourcecode.swift; path = LazyView.swift; sourceTree = "<group>"; };
		3C017A452C280CEF000CB620 /* OtherProfileView.swift */ = {isa = PBXFileReference; lastKnownFileType = sourcecode.swift; path = OtherProfileView.swift; sourceTree = "<group>"; };
		3C017A472C280D27000CB620 /* OtherInfoView.swift */ = {isa = PBXFileReference; lastKnownFileType = sourcecode.swift; path = OtherInfoView.swift; sourceTree = "<group>"; };
		3C017A492C280D52000CB620 /* FollowButton.swift */ = {isa = PBXFileReference; lastKnownFileType = sourcecode.swift; path = FollowButton.swift; sourceTree = "<group>"; };
		3C017A562C281E98000CB620 /* MyFollowerFollowingView.swift */ = {isa = PBXFileReference; fileEncoding = 4; lastKnownFileType = sourcecode.swift; path = MyFollowerFollowingView.swift; sourceTree = "<group>"; };
		3C017A572C281E98000CB620 /* MyFollowerView.swift */ = {isa = PBXFileReference; fileEncoding = 4; lastKnownFileType = sourcecode.swift; path = MyFollowerView.swift; sourceTree = "<group>"; };
		3C017A582C281E98000CB620 /* MyFollowingView.swift */ = {isa = PBXFileReference; fileEncoding = 4; lastKnownFileType = sourcecode.swift; path = MyFollowingView.swift; sourceTree = "<group>"; };
		3C017A5A2C281E98000CB620 /* MyHistoryView.swift */ = {isa = PBXFileReference; fileEncoding = 4; lastKnownFileType = sourcecode.swift; path = MyHistoryView.swift; sourceTree = "<group>"; };
		3C017A5C2C281E98000CB620 /* MySavedView.swift */ = {isa = PBXFileReference; fileEncoding = 4; lastKnownFileType = sourcecode.swift; path = MySavedView.swift; sourceTree = "<group>"; };
		3C017A5E2C281E98000CB620 /* MySavedPlaceView.swift */ = {isa = PBXFileReference; fileEncoding = 4; lastKnownFileType = sourcecode.swift; path = MySavedPlaceView.swift; sourceTree = "<group>"; };
		3C017A5F2C281E98000CB620 /* ShopInfoCardView.swift */ = {isa = PBXFileReference; fileEncoding = 4; lastKnownFileType = sourcecode.swift; path = ShopInfoCardView.swift; sourceTree = "<group>"; };
		3C017A612C281E98000CB620 /* UserImagePickerView.swift */ = {isa = PBXFileReference; fileEncoding = 4; lastKnownFileType = sourcecode.swift; path = UserImagePickerView.swift; sourceTree = "<group>"; };
		3C017A622C281E98000CB620 /* UserInfoModifyView.swift */ = {isa = PBXFileReference; fileEncoding = 4; lastKnownFileType = sourcecode.swift; path = UserInfoModifyView.swift; sourceTree = "<group>"; };
		3C017A642C281E98000CB620 /* MyPageFeedView.swift */ = {isa = PBXFileReference; fileEncoding = 4; lastKnownFileType = sourcecode.swift; path = MyPageFeedView.swift; sourceTree = "<group>"; };
		3C017A652C281E98000CB620 /* MyPageView.swift */ = {isa = PBXFileReference; fileEncoding = 4; lastKnownFileType = sourcecode.swift; path = MyPageView.swift; sourceTree = "<group>"; };
		3C017A662C281E98000CB620 /* SettingView.swift */ = {isa = PBXFileReference; fileEncoding = 4; lastKnownFileType = sourcecode.swift; path = SettingView.swift; sourceTree = "<group>"; };
		3C017A672C281E98000CB620 /* UserInfoView.swift */ = {isa = PBXFileReference; fileEncoding = 4; lastKnownFileType = sourcecode.swift; path = UserInfoView.swift; sourceTree = "<group>"; };
		3C017A762C2820EA000CB620 /* OtherHistoryView.swift */ = {isa = PBXFileReference; lastKnownFileType = sourcecode.swift; path = OtherHistoryView.swift; sourceTree = "<group>"; };
		3C017A782C2820F6000CB620 /* OtherSavedPlaceView.swift */ = {isa = PBXFileReference; lastKnownFileType = sourcecode.swift; path = OtherSavedPlaceView.swift; sourceTree = "<group>"; };
		3C017A7A2C282101000CB620 /* OtherSavedView.swift */ = {isa = PBXFileReference; lastKnownFileType = sourcecode.swift; path = OtherSavedView.swift; sourceTree = "<group>"; };
		3C418F982CA98F5E001E17E7 /* ChatStore.swift */ = {isa = PBXFileReference; lastKnownFileType = sourcecode.swift; path = ChatStore.swift; sourceTree = "<group>"; };
		3C418F9A2CA98FBB001E17E7 /* ChatView.swift */ = {isa = PBXFileReference; lastKnownFileType = sourcecode.swift; path = ChatView.swift; sourceTree = "<group>"; };
		3C418F9C2CA9AA4B001E17E7 /* SendMessageTextField.swift */ = {isa = PBXFileReference; lastKnownFileType = sourcecode.swift; path = SendMessageTextField.swift; sourceTree = "<group>"; };
		3C5346362BFC73600097511B /* MapFeedCellView.swift */ = {isa = PBXFileReference; fileEncoding = 4; lastKnownFileType = sourcecode.swift; path = MapFeedCellView.swift; sourceTree = "<group>"; };
		3C5346372BFC73600097511B /* MapFeedSheetView.swift */ = {isa = PBXFileReference; fileEncoding = 4; lastKnownFileType = sourcecode.swift; path = MapFeedSheetView.swift; sourceTree = "<group>"; };
		3C5346382BFC73600097511B /* LocationDetailMap.swift */ = {isa = PBXFileReference; fileEncoding = 4; lastKnownFileType = sourcecode.swift; path = LocationDetailMap.swift; sourceTree = "<group>"; };
		3C5346392BFC73600097511B /* MapSearchView.swift */ = {isa = PBXFileReference; fileEncoding = 4; lastKnownFileType = sourcecode.swift; path = MapSearchView.swift; sourceTree = "<group>"; };
		3C53463A2BFC73600097511B /* PostNaverMap.swift */ = {isa = PBXFileReference; fileEncoding = 4; lastKnownFileType = sourcecode.swift; path = PostNaverMap.swift; sourceTree = "<group>"; };
		3C53463B2BFC73600097511B /* NaverMap.swift */ = {isa = PBXFileReference; fileEncoding = 4; lastKnownFileType = sourcecode.swift; path = NaverMap.swift; sourceTree = "<group>"; };
		3C53463C2BFC73600097511B /* MapMainView.swift */ = {isa = PBXFileReference; fileEncoding = 4; lastKnownFileType = sourcecode.swift; path = MapMainView.swift; sourceTree = "<group>"; };
		3C5346492BFC760C0097511B /* FeedCellView.swift */ = {isa = PBXFileReference; fileEncoding = 4; lastKnownFileType = sourcecode.swift; path = FeedCellView.swift; sourceTree = "<group>"; };
		3C53464B2BFC84520097511B /* LocationSearchStore.swift */ = {isa = PBXFileReference; fileEncoding = 4; lastKnownFileType = sourcecode.swift; path = LocationSearchStore.swift; sourceTree = "<group>"; };
		3C5346522BFC84D10097511B /* Search.swift */ = {isa = PBXFileReference; lastKnownFileType = sourcecode.swift; path = Search.swift; sourceTree = "<group>"; };
		3C5547982C6362BF000986D2 /* ChatRoomListView.swift */ = {isa = PBXFileReference; lastKnownFileType = sourcecode.swift; path = ChatRoomListView.swift; sourceTree = "<group>"; };
		3C7188092CBE7CC300FCEDD3 /* RestSharer.entitlements */ = {isa = PBXFileReference; lastKnownFileType = text.plist.entitlements; path = RestSharer.entitlements; sourceTree = "<group>"; };
		3C770F552BDFD83B003FE3BB /* RestSharer.app */ = {isa = PBXFileReference; explicitFileType = wrapper.application; includeInIndex = 0; path = RestSharer.app; sourceTree = BUILT_PRODUCTS_DIR; };
		3C770F582BDFD83B003FE3BB /* RestSharerApp.swift */ = {isa = PBXFileReference; lastKnownFileType = sourcecode.swift; path = RestSharerApp.swift; sourceTree = "<group>"; };
		3C770F5C2BDFD83D003FE3BB /* Assets.xcassets */ = {isa = PBXFileReference; lastKnownFileType = folder.assetcatalog; path = Assets.xcassets; sourceTree = "<group>"; };
		3C770F5F2BDFD83D003FE3BB /* Preview Assets.xcassets */ = {isa = PBXFileReference; lastKnownFileType = folder.assetcatalog; path = "Preview Assets.xcassets"; sourceTree = "<group>"; };
		3C770F6B2BDFDA85003FE3BB /* Pretendard-Thin.otf */ = {isa = PBXFileReference; lastKnownFileType = file; path = "Pretendard-Thin.otf"; sourceTree = "<group>"; };
		3C770F6C2BDFDA85003FE3BB /* Pretendard-Light.otf */ = {isa = PBXFileReference; lastKnownFileType = file; path = "Pretendard-Light.otf"; sourceTree = "<group>"; };
		3C770F6D2BDFDA85003FE3BB /* Pretendard-SemiBold.otf */ = {isa = PBXFileReference; lastKnownFileType = file; path = "Pretendard-SemiBold.otf"; sourceTree = "<group>"; };
		3C770F6E2BDFDA86003FE3BB /* Pretendard-Regular.otf */ = {isa = PBXFileReference; lastKnownFileType = file; path = "Pretendard-Regular.otf"; sourceTree = "<group>"; };
		3C770F6F2BDFDA86003FE3BB /* Pretendard-Medium.otf */ = {isa = PBXFileReference; lastKnownFileType = file; path = "Pretendard-Medium.otf"; sourceTree = "<group>"; };
		3C770F702BDFDA86003FE3BB /* Pretendard-Bold.otf */ = {isa = PBXFileReference; lastKnownFileType = file; path = "Pretendard-Bold.otf"; sourceTree = "<group>"; };
		3C770F782BDFDC97003FE3BB /* Info.plist */ = {isa = PBXFileReference; lastKnownFileType = text.plist; path = Info.plist; sourceTree = "<group>"; };
		3C770F7A2BDFDCF3003FE3BB /* Font+.swift */ = {isa = PBXFileReference; lastKnownFileType = sourcecode.swift; path = "Font+.swift"; sourceTree = "<group>"; };
		3C770F7C2BDFDD2D003FE3BB /* CGFloat+.swift */ = {isa = PBXFileReference; lastKnownFileType = sourcecode.swift; path = "CGFloat+.swift"; sourceTree = "<group>"; };
		3C770F8B2BE01016003FE3BB /* GoogleService-Info.plist */ = {isa = PBXFileReference; fileEncoding = 4; lastKnownFileType = text.plist.xml; path = "GoogleService-Info.plist"; sourceTree = "<group>"; };
		3C770F8D2BE01077003FE3BB /* Bundle+.swift */ = {isa = PBXFileReference; lastKnownFileType = sourcecode.swift; path = "Bundle+.swift"; sourceTree = "<group>"; };
		3C770F902BE010D8003FE3BB /* AuthStore.swift */ = {isa = PBXFileReference; lastKnownFileType = sourcecode.swift; path = AuthStore.swift; sourceTree = "<group>"; };
		3C770FC42BE0144D003FE3BB /* Path.swift */ = {isa = PBXFileReference; lastKnownFileType = sourcecode.swift; path = Path.swift; sourceTree = "<group>"; };
		3C770FC92BE07B07003FE3BB /* LaunchView.swift */ = {isa = PBXFileReference; lastKnownFileType = sourcecode.swift; path = LaunchView.swift; sourceTree = "<group>"; };
		3C770FCB2BE07BAF003FE3BB /* LoginView.swift */ = {isa = PBXFileReference; lastKnownFileType = sourcecode.swift; path = LoginView.swift; sourceTree = "<group>"; };
		3C94B6962CB3A4890002F767 /* SignUpView.swift */ = {isa = PBXFileReference; lastKnownFileType = sourcecode.swift; path = SignUpView.swift; sourceTree = "<group>"; };
		3CB45CD62C057E4A00029934 /* LocationSearchView.swift */ = {isa = PBXFileReference; fileEncoding = 4; lastKnownFileType = sourcecode.swift; path = LocationSearchView.swift; sourceTree = "<group>"; };
		3CB45CD72C057E4A00029934 /* LocationView.swift */ = {isa = PBXFileReference; fileEncoding = 4; lastKnownFileType = sourcecode.swift; path = LocationView.swift; sourceTree = "<group>"; };
		3CB45CD82C057E4B00029934 /* CatecoryView.swift */ = {isa = PBXFileReference; fileEncoding = 4; lastKnownFileType = sourcecode.swift; path = CatecoryView.swift; sourceTree = "<group>"; };
		3CB45CD92C057E4B00029934 /* LocationDetailView.swift */ = {isa = PBXFileReference; fileEncoding = 4; lastKnownFileType = sourcecode.swift; path = LocationDetailView.swift; sourceTree = "<group>"; };
		3CB45CDA2C057E4B00029934 /* PostView.swift */ = {isa = PBXFileReference; fileEncoding = 4; lastKnownFileType = sourcecode.swift; path = PostView.swift; sourceTree = "<group>"; };
		3CB45CDB2C057E4B00029934 /* PictureView.swift */ = {isa = PBXFileReference; fileEncoding = 4; lastKnownFileType = sourcecode.swift; path = PictureView.swift; sourceTree = "<group>"; };
		3CB45CDC2C057E4B00029934 /* UploadView.swift */ = {isa = PBXFileReference; fileEncoding = 4; lastKnownFileType = sourcecode.swift; path = UploadView.swift; sourceTree = "<group>"; };
		3CB45CE42C0580F000029934 /* PostStore.swift */ = {isa = PBXFileReference; fileEncoding = 4; lastKnownFileType = sourcecode.swift; path = PostStore.swift; sourceTree = "<group>"; };
		3CB45CE62C05816F00029934 /* Feed.swift */ = {isa = PBXFileReference; fileEncoding = 4; lastKnownFileType = sourcecode.swift; path = Feed.swift; sourceTree = "<group>"; };
		3CB45CEC2C05842500029934 /* View+.swift */ = {isa = PBXFileReference; fileEncoding = 4; lastKnownFileType = sourcecode.swift; path = "View+.swift"; sourceTree = "<group>"; };
		3CB45CEE2C05846A00029934 /* TextMaster.swift */ = {isa = PBXFileReference; fileEncoding = 4; lastKnownFileType = sourcecode.swift; path = TextMaster.swift; sourceTree = "<group>"; };
		3CB45CF02C05856F00029934 /* User.swift */ = {isa = PBXFileReference; fileEncoding = 4; lastKnownFileType = sourcecode.swift; path = User.swift; sourceTree = "<group>"; };
		3CB45CF22C0585AB00029934 /* Reservation.swift */ = {isa = PBXFileReference; fileEncoding = 4; lastKnownFileType = sourcecode.swift; path = Reservation.swift; sourceTree = "<group>"; };
		3CB45CF32C0585AC00029934 /* ChatRoom.swift */ = {isa = PBXFileReference; fileEncoding = 4; lastKnownFileType = sourcecode.swift; path = ChatRoom.swift; sourceTree = "<group>"; };
		3CB45CF62C05875C00029934 /* SearchBarTextField.swift */ = {isa = PBXFileReference; fileEncoding = 4; lastKnownFileType = sourcecode.swift; path = SearchBarTextField.swift; sourceTree = "<group>"; };
		7E56FD2B6EB68B4211BF649D /* Pods_RestSharer.framework */ = {isa = PBXFileReference; explicitFileType = wrapper.framework; includeInIndex = 0; path = Pods_RestSharer.framework; sourceTree = BUILT_PRODUCTS_DIR; };
		CC39421C2C609F0700189D55 /* FeedListView.swift */ = {isa = PBXFileReference; lastKnownFileType = sourcecode.swift; path = FeedListView.swift; sourceTree = "<group>"; };
		CC39421E2C609F1F00189D55 /* FeedUpdateView.swift */ = {isa = PBXFileReference; lastKnownFileType = sourcecode.swift; path = FeedUpdateView.swift; sourceTree = "<group>"; };
		CC3942202C609F3E00189D55 /* EmptyFeed.swift */ = {isa = PBXFileReference; lastKnownFileType = sourcecode.swift; path = EmptyFeed.swift; sourceTree = "<group>"; };
		CC6D37D92CBFD037005F5017 /* PrivacyPolicyView.swift */ = {isa = PBXFileReference; lastKnownFileType = sourcecode.swift; path = PrivacyPolicyView.swift; sourceTree = "<group>"; };
		CCB315CC2BEE016300039745 /* MainTabView.swift */ = {isa = PBXFileReference; lastKnownFileType = sourcecode.swift; path = MainTabView.swift; sourceTree = "<group>"; };
		CCB315CE2BEE01A500039745 /* Color+.swift */ = {isa = PBXFileReference; lastKnownFileType = sourcecode.swift; path = "Color+.swift"; sourceTree = "<group>"; };
		CCB315D02BEE01E600039745 /* UserStore.swift */ = {isa = PBXFileReference; lastKnownFileType = sourcecode.swift; path = UserStore.swift; sourceTree = "<group>"; };
		CCB315D62BEE13C500039745 /* MainHomeView.swift */ = {isa = PBXFileReference; lastKnownFileType = sourcecode.swift; path = MainHomeView.swift; sourceTree = "<group>"; };
		CCB315D82BEE13DD00039745 /* FeedMainView.swift */ = {isa = PBXFileReference; lastKnownFileType = sourcecode.swift; path = FeedMainView.swift; sourceTree = "<group>"; };
		CCB315DC2BEE167E00039745 /* FeedStore.swift */ = {isa = PBXFileReference; lastKnownFileType = sourcecode.swift; path = FeedStore.swift; sourceTree = "<group>"; };
		CCB315DE2BEE16BA00039745 /* MyFeed.swift */ = {isa = PBXFileReference; lastKnownFileType = sourcecode.swift; path = MyFeed.swift; sourceTree = "<group>"; };
		CCB315E02BEE178600039745 /* Modifiers.swift */ = {isa = PBXFileReference; lastKnownFileType = sourcecode.swift; path = Modifiers.swift; sourceTree = "<group>"; };
		CCCB09332C282CAA006BAE56 /* ToastMessageView.swift */ = {isa = PBXFileReference; fileEncoding = 4; lastKnownFileType = sourcecode.swift; path = ToastMessageView.swift; sourceTree = "<group>"; };
		D8FF70A6CA610972FB49E5B9 /* Pods-RestSharer.debug.xcconfig */ = {isa = PBXFileReference; includeInIndex = 1; lastKnownFileType = text.xcconfig; name = "Pods-RestSharer.debug.xcconfig"; path = "Target Support Files/Pods-RestSharer/Pods-RestSharer.debug.xcconfig"; sourceTree = "<group>"; };
/* End PBXFileReference section */

/* Begin PBXFrameworksBuildPhase section */
		3C770F522BDFD83B003FE3BB /* Frameworks */ = {
			isa = PBXFrameworksBuildPhase;
			buildActionMask = 2147483647;
			files = (
				3C770F862BDFDEC3003FE3BB /* FirebaseAnalyticsSwift in Frameworks */,
				3C770FAB2BE01292003FE3BB /* FirebaseFirestoreSwift in Frameworks */,
				3C770F822BDFDEC3003FE3BB /* FirebaseAnalytics in Frameworks */,
				3C770FB92BE01292003FE3BB /* FirebaseMLModelDownloader in Frameworks */,
				3C770FAD2BE01292003FE3BB /* FirebaseFunctions in Frameworks */,
				3C770F962BE0115A003FE3BB /* GoogleSignInSwift in Frameworks */,
				3C770F842BDFDEC3003FE3BB /* FirebaseAnalyticsOnDeviceConversion in Frameworks */,
				3C770FA52BE01292003FE3BB /* FirebaseDynamicLinks in Frameworks */,
				3C770F9F2BE01292003FE3BB /* FirebaseCrashlytics in Frameworks */,
				3C770FA32BE01292003FE3BB /* FirebaseDatabaseSwift in Frameworks */,
				3C770FA72BE01292003FE3BB /* FirebaseFirestore in Frameworks */,
				3C770FB52BE01292003FE3BB /* FirebaseInstallations in Frameworks */,
				CCA717562C282FBC00059D31 /* PopupView in Frameworks */,
				3C770FAF2BE01292003FE3BB /* FirebaseFunctionsCombine-Community in Frameworks */,
				3C770FA92BE01292003FE3BB /* FirebaseFirestoreCombine-Community in Frameworks */,
				3C482F762BE084780057D46D /* FirebaseAppCheck in Frameworks */,
				3C770FA12BE01292003FE3BB /* FirebaseDatabase in Frameworks */,
				3C5346462BFC74140097511B /* Kingfisher in Frameworks */,
				3C770FBB2BE01292003FE3BB /* FirebasePerformance in Frameworks */,
				3C770F882BDFDEC3003FE3BB /* FirebaseAnalyticsWithoutAdIdSupport in Frameworks */,
				3C770F942BE0115A003FE3BB /* GoogleSignIn in Frameworks */,
				3C770FBF2BE01292003FE3BB /* FirebaseRemoteConfigSwift in Frameworks */,
				3CB45CE92C0581FE00029934 /* Alamofire in Frameworks */,
				3C770F992BE01212003FE3BB /* FirebaseAuth in Frameworks */,
				3C770F9B2BE01292003FE3BB /* FirebaseAppDistribution-Beta in Frameworks */,
				3C770FBD2BE01292003FE3BB /* FirebaseRemoteConfig in Frameworks */,
				3C770FC12BE01292003FE3BB /* FirebaseStorage in Frameworks */,
				3C770F9D2BE01292003FE3BB /* FirebaseAuthCombine-Community in Frameworks */,
				3C770FC32BE01292003FE3BB /* FirebaseStorageCombine-Community in Frameworks */,
				4F91193F96A518C6E37685EA /* Pods_RestSharer.framework in Frameworks */,
			);
			runOnlyForDeploymentPostprocessing = 0;
		};
/* End PBXFrameworksBuildPhase section */

/* Begin PBXGroup section */
		3C017A342C280A39000CB620 /* Search */ = {
			isa = PBXGroup;
			children = (
				3C017A352C280A5D000CB620 /* SearchView.swift */,
				3C017A372C280A8F000CB620 /* SearchBarView.swift */,
				3C017A392C280A9F000CB620 /* SearchPageView.swift */,
				3C017A3B2C280AC8000CB620 /* UserListView.swift */,
				3C017A3D2C280AD4000CB620 /* SearchUserCellView.swift */,
				3C017A452C280CEF000CB620 /* OtherProfileView.swift */,
				3C017A472C280D27000CB620 /* OtherInfoView.swift */,
				3C017A762C2820EA000CB620 /* OtherHistoryView.swift */,
				3C017A782C2820F6000CB620 /* OtherSavedPlaceView.swift */,
				3C017A7A2C282101000CB620 /* OtherSavedView.swift */,
			);
			path = Search;
			sourceTree = "<group>";
		};
		3C017A592C281E98000CB620 /* Follow */ = {
			isa = PBXGroup;
			children = (
				3C017A562C281E98000CB620 /* MyFollowerFollowingView.swift */,
				3C017A572C281E98000CB620 /* MyFollowerView.swift */,
				3C017A582C281E98000CB620 /* MyFollowingView.swift */,
			);
			path = Follow;
			sourceTree = "<group>";
		};
		3C017A5B2C281E98000CB620 /* History */ = {
			isa = PBXGroup;
			children = (
				3C017A5A2C281E98000CB620 /* MyHistoryView.swift */,
			);
			path = History;
			sourceTree = "<group>";
		};
		3C017A5D2C281E98000CB620 /* SavedFeed */ = {
			isa = PBXGroup;
			children = (
				3C017A5C2C281E98000CB620 /* MySavedView.swift */,
			);
			path = SavedFeed;
			sourceTree = "<group>";
		};
		3C017A602C281E98000CB620 /* SavedPlace */ = {
			isa = PBXGroup;
			children = (
				3C017A5E2C281E98000CB620 /* MySavedPlaceView.swift */,
				3C017A5F2C281E98000CB620 /* ShopInfoCardView.swift */,
			);
			path = SavedPlace;
			sourceTree = "<group>";
		};
		3C017A632C281E98000CB620 /* UserModify */ = {
			isa = PBXGroup;
			children = (
				3C017A612C281E98000CB620 /* UserImagePickerView.swift */,
				3C017A622C281E98000CB620 /* UserInfoModifyView.swift */,
			);
			path = UserModify;
			sourceTree = "<group>";
		};
		3C017A682C281E98000CB620 /* MyPage */ = {
			isa = PBXGroup;
			children = (
				3C017A592C281E98000CB620 /* Follow */,
				3C017A5B2C281E98000CB620 /* History */,
				3C017A5D2C281E98000CB620 /* SavedFeed */,
				3C017A602C281E98000CB620 /* SavedPlace */,
				3C017A632C281E98000CB620 /* UserModify */,
				3C017A642C281E98000CB620 /* MyPageFeedView.swift */,
				3C017A652C281E98000CB620 /* MyPageView.swift */,
				3C017A662C281E98000CB620 /* SettingView.swift */,
				3C017A672C281E98000CB620 /* UserInfoView.swift */,
			);
			path = MyPage;
			sourceTree = "<group>";
		};
		3C5346352BFC734E0097511B /* Map */ = {
			isa = PBXGroup;
			children = (
				3C5346382BFC73600097511B /* LocationDetailMap.swift */,
				3C5346362BFC73600097511B /* MapFeedCellView.swift */,
				3C5346372BFC73600097511B /* MapFeedSheetView.swift */,
				3C53463C2BFC73600097511B /* MapMainView.swift */,
				3C5346392BFC73600097511B /* MapSearchView.swift */,
				3C53463B2BFC73600097511B /* NaverMap.swift */,
				3C53463A2BFC73600097511B /* PostNaverMap.swift */,
			);
			path = Map;
			sourceTree = "<group>";
		};
		3C5547972C636298000986D2 /* Chat */ = {
			isa = PBXGroup;
			children = (
				3C5547982C6362BF000986D2 /* ChatRoomListView.swift */,
				3C418F9A2CA98FBB001E17E7 /* ChatView.swift */,
			);
			path = Chat;
			sourceTree = "<group>";
		};
		3C770F4C2BDFD83B003FE3BB = {
			isa = PBXGroup;
			children = (
				3C770F572BDFD83B003FE3BB /* RestSharer */,
				3C770F562BDFD83B003FE3BB /* Products */,
				3C770F972BE01212003FE3BB /* Frameworks */,
				966FC5CB0C5ABC8ADBA2C169 /* Pods */,
			);
			sourceTree = "<group>";
		};
		3C770F562BDFD83B003FE3BB /* Products */ = {
			isa = PBXGroup;
			children = (
				3C770F552BDFD83B003FE3BB /* RestSharer.app */,
			);
			name = Products;
			sourceTree = "<group>";
		};
		3C770F572BDFD83B003FE3BB /* RestSharer */ = {
			isa = PBXGroup;
			children = (
				3C7188092CBE7CC300FCEDD3 /* RestSharer.entitlements */,
				3C770F782BDFDC97003FE3BB /* Info.plist */,
				3C770F582BDFD83B003FE3BB /* RestSharerApp.swift */,
				3C770F662BDFDA2A003FE3BB /* Commons */,
				3C770F792BDFDCE3003FE3BB /* Extension */,
				3C770FC62BE014A8003FE3BB /* Model */,
				3C770F8F2BE010C4003FE3BB /* Store */,
				3C770F772BDFDABE003FE3BB /* View */,
				3C770F5C2BDFD83D003FE3BB /* Assets.xcassets */,
				3C770F5E2BDFD83D003FE3BB /* Preview Content */,
			);
			path = RestSharer;
			sourceTree = "<group>";
		};
		3C770F5E2BDFD83D003FE3BB /* Preview Content */ = {
			isa = PBXGroup;
			children = (
				3C770F5F2BDFD83D003FE3BB /* Preview Assets.xcassets */,
			);
			path = "Preview Content";
			sourceTree = "<group>";
		};
		3C770F662BDFDA2A003FE3BB /* Commons */ = {
			isa = PBXGroup;
			children = (
				3C770F8B2BE01016003FE3BB /* GoogleService-Info.plist */,
				CCB315E02BEE178600039745 /* Modifiers.swift */,
				3CB45CEE2C05846A00029934 /* TextMaster.swift */,
				3CB45CF62C05875C00029934 /* SearchBarTextField.swift */,
				CCCB09332C282CAA006BAE56 /* ToastMessageView.swift */,
				3C770F672BDFDA31003FE3BB /* Resource */,
				3C770FC42BE0144D003FE3BB /* Path.swift */,
				3C418F9C2CA9AA4B001E17E7 /* SendMessageTextField.swift */,
			);
			path = Commons;
			sourceTree = "<group>";
		};
		3C770F672BDFDA31003FE3BB /* Resource */ = {
			isa = PBXGroup;
			children = (
				3C770F6A2BDFDA71003FE3BB /* Fonts */,
			);
			path = Resource;
			sourceTree = "<group>";
		};
		3C770F6A2BDFDA71003FE3BB /* Fonts */ = {
			isa = PBXGroup;
			children = (
				3C770F702BDFDA86003FE3BB /* Pretendard-Bold.otf */,
				3C770F6C2BDFDA85003FE3BB /* Pretendard-Light.otf */,
				3C770F6F2BDFDA86003FE3BB /* Pretendard-Medium.otf */,
				3C770F6E2BDFDA86003FE3BB /* Pretendard-Regular.otf */,
				3C770F6D2BDFDA85003FE3BB /* Pretendard-SemiBold.otf */,
				3C770F6B2BDFDA85003FE3BB /* Pretendard-Thin.otf */,
			);
			path = Fonts;
			sourceTree = "<group>";
		};
		3C770F772BDFDABE003FE3BB /* View */ = {
			isa = PBXGroup;
			children = (
				3C770FC92BE07B07003FE3BB /* LaunchView.swift */,
				3C770FCB2BE07BAF003FE3BB /* LoginView.swift */,
				CCB315CC2BEE016300039745 /* MainTabView.swift */,
				CC6D37D92CBFD037005F5017 /* PrivacyPolicyView.swift */,
				3C94B6962CB3A4890002F767 /* SignUpView.swift */,
				CCB315D32BEE135900039745 /* Home */,
				3C5547972C636298000986D2 /* Chat */,
				3C017A342C280A39000CB620 /* Search */,
				3CB45CD52C057E2800029934 /* Post */,
				3C017A682C281E98000CB620 /* MyPage */,
			);
			path = View;
			sourceTree = "<group>";
		};
		3C770F792BDFDCE3003FE3BB /* Extension */ = {
			isa = PBXGroup;
			children = (
				3CB45CEC2C05842500029934 /* View+.swift */,
				3C770F7A2BDFDCF3003FE3BB /* Font+.swift */,
				3C770F7C2BDFDD2D003FE3BB /* CGFloat+.swift */,
				3C770F8D2BE01077003FE3BB /* Bundle+.swift */,
				CCB315CE2BEE01A500039745 /* Color+.swift */,
				3C017A432C280CD1000CB620 /* LazyView.swift */,
				3C017A492C280D52000CB620 /* FollowButton.swift */,
			);
			path = Extension;
			sourceTree = "<group>";
		};
		3C770F8F2BE010C4003FE3BB /* Store */ = {
			isa = PBXGroup;
			children = (
				3C770F902BE010D8003FE3BB /* AuthStore.swift */,
				CCB315D02BEE01E600039745 /* UserStore.swift */,
				CCB315DC2BEE167E00039745 /* FeedStore.swift */,
				3C53464B2BFC84520097511B /* LocationSearchStore.swift */,
				3CB45CE42C0580F000029934 /* PostStore.swift */,
				3C017A3F2C280AFE000CB620 /* SearchStore.swift */,
				3C017A412C280B5A000CB620 /* FollowStore.swift */,
				3C418F982CA98F5E001E17E7 /* ChatStore.swift */,
			);
			path = Store;
			sourceTree = "<group>";
		};
		3C770F972BE01212003FE3BB /* Frameworks */ = {
			isa = PBXGroup;
			children = (
				7E56FD2B6EB68B4211BF649D /* Pods_RestSharer.framework */,
			);
			name = Frameworks;
			sourceTree = "<group>";
		};
		3C770FC62BE014A8003FE3BB /* Model */ = {
			isa = PBXGroup;
			children = (
				3CB45CF02C05856F00029934 /* User.swift */,
				3CB45CE62C05816F00029934 /* Feed.swift */,
				CCB315DE2BEE16BA00039745 /* MyFeed.swift */,
				3CB45CF32C0585AC00029934 /* ChatRoom.swift */,
				3CB45CF22C0585AB00029934 /* Reservation.swift */,
				3C5346522BFC84D10097511B /* Search.swift */,
			);
			path = Model;
			sourceTree = "<group>";
		};
		3CB45CD52C057E2800029934 /* Post */ = {
			isa = PBXGroup;
			children = (
				3CB45CD82C057E4B00029934 /* CatecoryView.swift */,
				3CB45CD92C057E4B00029934 /* LocationDetailView.swift */,
				3CB45CD62C057E4A00029934 /* LocationSearchView.swift */,
				3CB45CD72C057E4A00029934 /* LocationView.swift */,
				3CB45CDB2C057E4B00029934 /* PictureView.swift */,
				3CB45CDA2C057E4B00029934 /* PostView.swift */,
				3CB45CDC2C057E4B00029934 /* UploadView.swift */,
			);
			path = Post;
			sourceTree = "<group>";
		};
		966FC5CB0C5ABC8ADBA2C169 /* Pods */ = {
			isa = PBXGroup;
			children = (
				D8FF70A6CA610972FB49E5B9 /* Pods-RestSharer.debug.xcconfig */,
				01A1B258A5917BAB17B79E60 /* Pods-RestSharer.release.xcconfig */,
			);
			path = Pods;
			sourceTree = "<group>";
		};
		CCB315D32BEE135900039745 /* Home */ = {
			isa = PBXGroup;
			children = (
				CCB315D62BEE13C500039745 /* MainHomeView.swift */,
				3C5346352BFC734E0097511B /* Map */,
				CCB315D42BEE139000039745 /* Feed */,
			);
			path = Home;
			sourceTree = "<group>";
		};
		CCB315D42BEE139000039745 /* Feed */ = {
			isa = PBXGroup;
			children = (
				3C5346492BFC760C0097511B /* FeedCellView.swift */,
				CCB315D82BEE13DD00039745 /* FeedMainView.swift */,
				CC39421C2C609F0700189D55 /* FeedListView.swift */,
				CC39421E2C609F1F00189D55 /* FeedUpdateView.swift */,
				CC3942202C609F3E00189D55 /* EmptyFeed.swift */,
			);
			path = Feed;
			sourceTree = "<group>";
		};
/* End PBXGroup section */

/* Begin PBXNativeTarget section */
		3C770F542BDFD83B003FE3BB /* RestSharer */ = {
			isa = PBXNativeTarget;
			buildConfigurationList = 3C770F632BDFD83D003FE3BB /* Build configuration list for PBXNativeTarget "RestSharer" */;
			buildPhases = (
				6DDBFF63509CE3CD2FCF3A35 /* [CP] Check Pods Manifest.lock */,
				3C770F512BDFD83B003FE3BB /* Sources */,
				3C770F522BDFD83B003FE3BB /* Frameworks */,
				3C770F532BDFD83B003FE3BB /* Resources */,
				A3A270D2C58E4803C5F5C919 /* [CP] Embed Pods Frameworks */,
			);
			buildRules = (
			);
			dependencies = (
			);
			name = RestSharer;
			packageProductDependencies = (
				3C770F812BDFDEC3003FE3BB /* FirebaseAnalytics */,
				3C770F832BDFDEC3003FE3BB /* FirebaseAnalyticsOnDeviceConversion */,
				3C770F852BDFDEC3003FE3BB /* FirebaseAnalyticsSwift */,
				3C770F872BDFDEC3003FE3BB /* FirebaseAnalyticsWithoutAdIdSupport */,
				3C770F932BE0115A003FE3BB /* GoogleSignIn */,
				3C770F952BE0115A003FE3BB /* GoogleSignInSwift */,
				3C770F982BE01212003FE3BB /* FirebaseAuth */,
				3C770F9A2BE01292003FE3BB /* FirebaseAppDistribution-Beta */,
				3C770F9C2BE01292003FE3BB /* FirebaseAuthCombine-Community */,
				3C770F9E2BE01292003FE3BB /* FirebaseCrashlytics */,
				3C770FA02BE01292003FE3BB /* FirebaseDatabase */,
				3C770FA22BE01292003FE3BB /* FirebaseDatabaseSwift */,
				3C770FA42BE01292003FE3BB /* FirebaseDynamicLinks */,
				3C770FA62BE01292003FE3BB /* FirebaseFirestore */,
				3C770FA82BE01292003FE3BB /* FirebaseFirestoreCombine-Community */,
				3C770FAA2BE01292003FE3BB /* FirebaseFirestoreSwift */,
				3C770FAC2BE01292003FE3BB /* FirebaseFunctions */,
				3C770FAE2BE01292003FE3BB /* FirebaseFunctionsCombine-Community */,
				3C770FB42BE01292003FE3BB /* FirebaseInstallations */,
				3C770FB82BE01292003FE3BB /* FirebaseMLModelDownloader */,
				3C770FBA2BE01292003FE3BB /* FirebasePerformance */,
				3C770FBC2BE01292003FE3BB /* FirebaseRemoteConfig */,
				3C770FBE2BE01292003FE3BB /* FirebaseRemoteConfigSwift */,
				3C770FC02BE01292003FE3BB /* FirebaseStorage */,
				3C770FC22BE01292003FE3BB /* FirebaseStorageCombine-Community */,
				3C482F752BE084780057D46D /* FirebaseAppCheck */,
				3C5346452BFC74140097511B /* Kingfisher */,
				3CB45CE82C0581FE00029934 /* Alamofire */,
				CCA717552C282FBC00059D31 /* PopupView */,
			);
			productName = RestSharer;
			productReference = 3C770F552BDFD83B003FE3BB /* RestSharer.app */;
			productType = "com.apple.product-type.application";
		};
/* End PBXNativeTarget section */

/* Begin PBXProject section */
		3C770F4D2BDFD83B003FE3BB /* Project object */ = {
			isa = PBXProject;
			attributes = {
				BuildIndependentTargetsInParallel = 1;
				LastSwiftUpdateCheck = 1500;
				LastUpgradeCheck = 1500;
				TargetAttributes = {
					3C770F542BDFD83B003FE3BB = {
						CreatedOnToolsVersion = 15.0.1;
					};
				};
			};
			buildConfigurationList = 3C770F502BDFD83B003FE3BB /* Build configuration list for PBXProject "RestSharer" */;
			compatibilityVersion = "Xcode 14.0";
			developmentRegion = en;
			hasScannedForEncodings = 0;
			knownRegions = (
				en,
				Base,
			);
			mainGroup = 3C770F4C2BDFD83B003FE3BB;
			packageReferences = (
				3C770F802BDFDEC3003FE3BB /* XCRemoteSwiftPackageReference "firebase-ios-sdk" */,
				3C770F922BE0115A003FE3BB /* XCRemoteSwiftPackageReference "GoogleSignIn-iOS" */,
				3C5346442BFC74140097511B /* XCRemoteSwiftPackageReference "Kingfisher" */,
				3C5346542BFC86C50097511B /* XCRemoteSwiftPackageReference "Alamofire" */,
				CCA717542C282FBC00059D31 /* XCRemoteSwiftPackageReference "PopupView" */,
			);
			productRefGroup = 3C770F562BDFD83B003FE3BB /* Products */;
			projectDirPath = "";
			projectRoot = "";
			targets = (
				3C770F542BDFD83B003FE3BB /* RestSharer */,
			);
		};
/* End PBXProject section */

/* Begin PBXResourcesBuildPhase section */
		3C770F532BDFD83B003FE3BB /* Resources */ = {
			isa = PBXResourcesBuildPhase;
			buildActionMask = 2147483647;
			files = (
				3C770F602BDFD83D003FE3BB /* Preview Assets.xcassets in Resources */,
				3C770F5D2BDFD83D003FE3BB /* Assets.xcassets in Resources */,
				3C770F8C2BE01016003FE3BB /* GoogleService-Info.plist in Resources */,
				3C770F752BDFDA86003FE3BB /* Pretendard-Medium.otf in Resources */,
				3C770F732BDFDA86003FE3BB /* Pretendard-SemiBold.otf in Resources */,
				3C770F742BDFDA86003FE3BB /* Pretendard-Regular.otf in Resources */,
				3C770F722BDFDA86003FE3BB /* Pretendard-Light.otf in Resources */,
				3C770F762BDFDA86003FE3BB /* Pretendard-Bold.otf in Resources */,
				3C770F712BDFDA86003FE3BB /* Pretendard-Thin.otf in Resources */,
			);
			runOnlyForDeploymentPostprocessing = 0;
		};
/* End PBXResourcesBuildPhase section */

/* Begin PBXShellScriptBuildPhase section */
		6DDBFF63509CE3CD2FCF3A35 /* [CP] Check Pods Manifest.lock */ = {
			isa = PBXShellScriptBuildPhase;
			buildActionMask = 2147483647;
			files = (
			);
			inputFileListPaths = (
			);
			inputPaths = (
				"${PODS_PODFILE_DIR_PATH}/Podfile.lock",
				"${PODS_ROOT}/Manifest.lock",
			);
			name = "[CP] Check Pods Manifest.lock";
			outputFileListPaths = (
			);
			outputPaths = (
				"$(DERIVED_FILE_DIR)/Pods-RestSharer-checkManifestLockResult.txt",
			);
			runOnlyForDeploymentPostprocessing = 0;
			shellPath = /bin/sh;
			shellScript = "diff \"${PODS_PODFILE_DIR_PATH}/Podfile.lock\" \"${PODS_ROOT}/Manifest.lock\" > /dev/null\nif [ $? != 0 ] ; then\n    # print error to STDERR\n    echo \"error: The sandbox is not in sync with the Podfile.lock. Run 'pod install' or update your CocoaPods installation.\" >&2\n    exit 1\nfi\n# This output is used by Xcode 'outputs' to avoid re-running this script phase.\necho \"SUCCESS\" > \"${SCRIPT_OUTPUT_FILE_0}\"\n";
			showEnvVarsInLog = 0;
		};
		A3A270D2C58E4803C5F5C919 /* [CP] Embed Pods Frameworks */ = {
			isa = PBXShellScriptBuildPhase;
			buildActionMask = 2147483647;
			files = (
			);
			inputFileListPaths = (
				"${PODS_ROOT}/Target Support Files/Pods-RestSharer/Pods-RestSharer-frameworks-${CONFIGURATION}-input-files.xcfilelist",
			);
			name = "[CP] Embed Pods Frameworks";
			outputFileListPaths = (
				"${PODS_ROOT}/Target Support Files/Pods-RestSharer/Pods-RestSharer-frameworks-${CONFIGURATION}-output-files.xcfilelist",
			);
			runOnlyForDeploymentPostprocessing = 0;
			shellPath = /bin/sh;
			shellScript = "\"${PODS_ROOT}/Target Support Files/Pods-RestSharer/Pods-RestSharer-frameworks.sh\"\n";
			showEnvVarsInLog = 0;
		};
/* End PBXShellScriptBuildPhase section */

/* Begin PBXSourcesBuildPhase section */
		3C770F512BDFD83B003FE3BB /* Sources */ = {
			isa = PBXSourcesBuildPhase;
			buildActionMask = 2147483647;
			files = (
				3C017A752C281E99000CB620 /* UserInfoView.swift in Sources */,
				3C017A6B2C281E98000CB620 /* MyFollowingView.swift in Sources */,
				3C770F7D2BDFDD2D003FE3BB /* CGFloat+.swift in Sources */,
				3CB45CF72C05875C00029934 /* SearchBarTextField.swift in Sources */,
				3C418F9B2CA98FBB001E17E7 /* ChatView.swift in Sources */,
				CCCB09342C282CAA006BAE56 /* ToastMessageView.swift in Sources */,
				3C5346432BFC73600097511B /* MapMainView.swift in Sources */,
				CCB315CF2BEE01A500039745 /* Color+.swift in Sources */,
				3C418F992CA98F5E001E17E7 /* ChatStore.swift in Sources */,
				CC6D37DA2CBFD037005F5017 /* PrivacyPolicyView.swift in Sources */,
				3C017A6F2C281E98000CB620 /* ShopInfoCardView.swift in Sources */,
				3CB45CDF2C057E4B00029934 /* CatecoryView.swift in Sources */,
				CC39421F2C609F1F00189D55 /* FeedUpdateView.swift in Sources */,
				3C53464C2BFC84520097511B /* LocationSearchStore.swift in Sources */,
				3C770FC52BE0144D003FE3BB /* Path.swift in Sources */,
				3C017A742C281E99000CB620 /* SettingView.swift in Sources */,
				3C5346422BFC73600097511B /* NaverMap.swift in Sources */,
				3CB45CE22C057E4B00029934 /* PictureView.swift in Sources */,
				CCB315D92BEE13DD00039745 /* FeedMainView.swift in Sources */,
				3CB45CDE2C057E4B00029934 /* LocationView.swift in Sources */,
				3C418F9D2CA9AA4B001E17E7 /* SendMessageTextField.swift in Sources */,
				3C770F912BE010D8003FE3BB /* AuthStore.swift in Sources */,
				3CB45CE32C057E4B00029934 /* UploadView.swift in Sources */,
				CC39421D2C609F0700189D55 /* FeedListView.swift in Sources */,
				3CB45CE12C057E4B00029934 /* PostView.swift in Sources */,
				3C017A362C280A5D000CB620 /* SearchView.swift in Sources */,
				3C770F7B2BDFDCF3003FE3BB /* Font+.swift in Sources */,
				3C53463E2BFC73600097511B /* MapFeedSheetView.swift in Sources */,
				3C017A3C2C280AC8000CB620 /* UserListView.swift in Sources */,
				CCB315CD2BEE016300039745 /* MainTabView.swift in Sources */,
				3CB45CEF2C05846A00029934 /* TextMaster.swift in Sources */,
				CCB315DF2BEE16BA00039745 /* MyFeed.swift in Sources */,
				3C5346532BFC84D10097511B /* Search.swift in Sources */,
				3C017A4A2C280D52000CB620 /* FollowButton.swift in Sources */,
				3C94B6972CB3A4890002F767 /* SignUpView.swift in Sources */,
				3C770F592BDFD83B003FE3BB /* RestSharerApp.swift in Sources */,
				3C017A772C2820EA000CB620 /* OtherHistoryView.swift in Sources */,
				3C5547992C6362BF000986D2 /* ChatRoomListView.swift in Sources */,
				3C53463D2BFC73600097511B /* MapFeedCellView.swift in Sources */,
				3C017A6E2C281E98000CB620 /* MySavedPlaceView.swift in Sources */,
				3CB45CF52C0585AC00029934 /* ChatRoom.swift in Sources */,
				3C017A3A2C280A9F000CB620 /* SearchPageView.swift in Sources */,
				3C017A422C280B5A000CB620 /* FollowStore.swift in Sources */,
				3C017A692C281E98000CB620 /* MyFollowerFollowingView.swift in Sources */,
				3CB45CF42C0585AC00029934 /* Reservation.swift in Sources */,
				3C5346412BFC73600097511B /* PostNaverMap.swift in Sources */,
				3C017A6A2C281E98000CB620 /* MyFollowerView.swift in Sources */,
				3C770FCA2BE07B07003FE3BB /* LaunchView.swift in Sources */,
				CCB315DD2BEE167E00039745 /* FeedStore.swift in Sources */,
				3C53464A2BFC760C0097511B /* FeedCellView.swift in Sources */,
				3CB45CF12C05856F00029934 /* User.swift in Sources */,
				3C017A6D2C281E98000CB620 /* MySavedView.swift in Sources */,
				3CB45CED2C05842500029934 /* View+.swift in Sources */,
				3C5346402BFC73600097511B /* MapSearchView.swift in Sources */,
				CCB315D72BEE13C500039745 /* MainHomeView.swift in Sources */,
				3C017A702C281E98000CB620 /* UserImagePickerView.swift in Sources */,
				3C017A3E2C280AD4000CB620 /* SearchUserCellView.swift in Sources */,
				3C017A722C281E99000CB620 /* MyPageFeedView.swift in Sources */,
				3C017A6C2C281E98000CB620 /* MyHistoryView.swift in Sources */,
				3C017A712C281E98000CB620 /* UserInfoModifyView.swift in Sources */,
				3C017A462C280CEF000CB620 /* OtherProfileView.swift in Sources */,
				3C017A482C280D27000CB620 /* OtherInfoView.swift in Sources */,
				3C770FCC2BE07BAF003FE3BB /* LoginView.swift in Sources */,
				3CB45CE52C0580F000029934 /* PostStore.swift in Sources */,
				3CB45CE72C05816F00029934 /* Feed.swift in Sources */,
				3CB45CE02C057E4B00029934 /* LocationDetailView.swift in Sources */,
				3C770F8E2BE01077003FE3BB /* Bundle+.swift in Sources */,
				3C53463F2BFC73600097511B /* LocationDetailMap.swift in Sources */,
				3C017A382C280A8F000CB620 /* SearchBarView.swift in Sources */,
				3CB45CDD2C057E4B00029934 /* LocationSearchView.swift in Sources */,
				3C017A792C2820F6000CB620 /* OtherSavedPlaceView.swift in Sources */,
				CCB315E12BEE178600039745 /* Modifiers.swift in Sources */,
				3C017A732C281E99000CB620 /* MyPageView.swift in Sources */,
				CCB315D12BEE01E600039745 /* UserStore.swift in Sources */,
				3C017A442C280CD1000CB620 /* LazyView.swift in Sources */,
				CC3942212C609F3E00189D55 /* EmptyFeed.swift in Sources */,
				3C017A402C280AFE000CB620 /* SearchStore.swift in Sources */,
				3C017A7B2C282101000CB620 /* OtherSavedView.swift in Sources */,
			);
			runOnlyForDeploymentPostprocessing = 0;
		};
/* End PBXSourcesBuildPhase section */

/* Begin XCBuildConfiguration section */
		3C770F612BDFD83D003FE3BB /* Debug */ = {
			isa = XCBuildConfiguration;
			buildSettings = {
				ALWAYS_SEARCH_USER_PATHS = NO;
				ASSETCATALOG_COMPILER_GENERATE_SWIFT_ASSET_SYMBOL_EXTENSIONS = YES;
				CLANG_ANALYZER_NONNULL = YES;
				CLANG_ANALYZER_NUMBER_OBJECT_CONVERSION = YES_AGGRESSIVE;
				CLANG_CXX_LANGUAGE_STANDARD = "gnu++20";
				CLANG_ENABLE_MODULES = YES;
				CLANG_ENABLE_OBJC_ARC = YES;
				CLANG_ENABLE_OBJC_WEAK = YES;
				CLANG_WARN_BLOCK_CAPTURE_AUTORELEASING = YES;
				CLANG_WARN_BOOL_CONVERSION = YES;
				CLANG_WARN_COMMA = YES;
				CLANG_WARN_CONSTANT_CONVERSION = YES;
				CLANG_WARN_DEPRECATED_OBJC_IMPLEMENTATIONS = YES;
				CLANG_WARN_DIRECT_OBJC_ISA_USAGE = YES_ERROR;
				CLANG_WARN_DOCUMENTATION_COMMENTS = YES;
				CLANG_WARN_EMPTY_BODY = YES;
				CLANG_WARN_ENUM_CONVERSION = YES;
				CLANG_WARN_INFINITE_RECURSION = YES;
				CLANG_WARN_INT_CONVERSION = YES;
				CLANG_WARN_NON_LITERAL_NULL_CONVERSION = YES;
				CLANG_WARN_OBJC_IMPLICIT_RETAIN_SELF = YES;
				CLANG_WARN_OBJC_LITERAL_CONVERSION = YES;
				CLANG_WARN_OBJC_ROOT_CLASS = YES_ERROR;
				CLANG_WARN_QUOTED_INCLUDE_IN_FRAMEWORK_HEADER = YES;
				CLANG_WARN_RANGE_LOOP_ANALYSIS = YES;
				CLANG_WARN_STRICT_PROTOTYPES = YES;
				CLANG_WARN_SUSPICIOUS_MOVE = YES;
				CLANG_WARN_UNGUARDED_AVAILABILITY = YES_AGGRESSIVE;
				CLANG_WARN_UNREACHABLE_CODE = YES;
				CLANG_WARN__DUPLICATE_METHOD_MATCH = YES;
				COPY_PHASE_STRIP = NO;
				DEBUG_INFORMATION_FORMAT = dwarf;
				ENABLE_STRICT_OBJC_MSGSEND = YES;
				ENABLE_TESTABILITY = YES;
				ENABLE_USER_SCRIPT_SANDBOXING = NO;
				GCC_C_LANGUAGE_STANDARD = gnu17;
				GCC_DYNAMIC_NO_PIC = NO;
				GCC_NO_COMMON_BLOCKS = YES;
				GCC_OPTIMIZATION_LEVEL = 0;
				GCC_PREPROCESSOR_DEFINITIONS = (
					"DEBUG=1",
					"$(inherited)",
				);
				GCC_WARN_64_TO_32_BIT_CONVERSION = YES;
				GCC_WARN_ABOUT_RETURN_TYPE = YES_ERROR;
				GCC_WARN_UNDECLARED_SELECTOR = YES;
				GCC_WARN_UNINITIALIZED_AUTOS = YES_AGGRESSIVE;
				GCC_WARN_UNUSED_FUNCTION = YES;
				GCC_WARN_UNUSED_VARIABLE = YES;
				IPHONEOS_DEPLOYMENT_TARGET = 15.0;
				LOCALIZATION_PREFERS_STRING_CATALOGS = YES;
				MTL_ENABLE_DEBUG_INFO = INCLUDE_SOURCE;
				MTL_FAST_MATH = YES;
				ONLY_ACTIVE_ARCH = YES;
				SDKROOT = iphoneos;
				SWIFT_ACTIVE_COMPILATION_CONDITIONS = "DEBUG $(inherited)";
				SWIFT_OPTIMIZATION_LEVEL = "-Onone";
			};
			name = Debug;
		};
		3C770F622BDFD83D003FE3BB /* Release */ = {
			isa = XCBuildConfiguration;
			buildSettings = {
				ALWAYS_SEARCH_USER_PATHS = NO;
				ASSETCATALOG_COMPILER_GENERATE_SWIFT_ASSET_SYMBOL_EXTENSIONS = YES;
				CLANG_ANALYZER_NONNULL = YES;
				CLANG_ANALYZER_NUMBER_OBJECT_CONVERSION = YES_AGGRESSIVE;
				CLANG_CXX_LANGUAGE_STANDARD = "gnu++20";
				CLANG_ENABLE_MODULES = YES;
				CLANG_ENABLE_OBJC_ARC = YES;
				CLANG_ENABLE_OBJC_WEAK = YES;
				CLANG_WARN_BLOCK_CAPTURE_AUTORELEASING = YES;
				CLANG_WARN_BOOL_CONVERSION = YES;
				CLANG_WARN_COMMA = YES;
				CLANG_WARN_CONSTANT_CONVERSION = YES;
				CLANG_WARN_DEPRECATED_OBJC_IMPLEMENTATIONS = YES;
				CLANG_WARN_DIRECT_OBJC_ISA_USAGE = YES_ERROR;
				CLANG_WARN_DOCUMENTATION_COMMENTS = YES;
				CLANG_WARN_EMPTY_BODY = YES;
				CLANG_WARN_ENUM_CONVERSION = YES;
				CLANG_WARN_INFINITE_RECURSION = YES;
				CLANG_WARN_INT_CONVERSION = YES;
				CLANG_WARN_NON_LITERAL_NULL_CONVERSION = YES;
				CLANG_WARN_OBJC_IMPLICIT_RETAIN_SELF = YES;
				CLANG_WARN_OBJC_LITERAL_CONVERSION = YES;
				CLANG_WARN_OBJC_ROOT_CLASS = YES_ERROR;
				CLANG_WARN_QUOTED_INCLUDE_IN_FRAMEWORK_HEADER = YES;
				CLANG_WARN_RANGE_LOOP_ANALYSIS = YES;
				CLANG_WARN_STRICT_PROTOTYPES = YES;
				CLANG_WARN_SUSPICIOUS_MOVE = YES;
				CLANG_WARN_UNGUARDED_AVAILABILITY = YES_AGGRESSIVE;
				CLANG_WARN_UNREACHABLE_CODE = YES;
				CLANG_WARN__DUPLICATE_METHOD_MATCH = YES;
				COPY_PHASE_STRIP = NO;
				DEBUG_INFORMATION_FORMAT = "dwarf-with-dsym";
				ENABLE_NS_ASSERTIONS = NO;
				ENABLE_STRICT_OBJC_MSGSEND = YES;
				ENABLE_USER_SCRIPT_SANDBOXING = NO;
				GCC_C_LANGUAGE_STANDARD = gnu17;
				GCC_NO_COMMON_BLOCKS = YES;
				GCC_WARN_64_TO_32_BIT_CONVERSION = YES;
				GCC_WARN_ABOUT_RETURN_TYPE = YES_ERROR;
				GCC_WARN_UNDECLARED_SELECTOR = YES;
				GCC_WARN_UNINITIALIZED_AUTOS = YES_AGGRESSIVE;
				GCC_WARN_UNUSED_FUNCTION = YES;
				GCC_WARN_UNUSED_VARIABLE = YES;
				IPHONEOS_DEPLOYMENT_TARGET = 15.0;
				LOCALIZATION_PREFERS_STRING_CATALOGS = YES;
				MTL_ENABLE_DEBUG_INFO = NO;
				MTL_FAST_MATH = YES;
				SDKROOT = iphoneos;
				SWIFT_COMPILATION_MODE = wholemodule;
				VALIDATE_PRODUCT = YES;
			};
			name = Release;
		};
		3C770F642BDFD83D003FE3BB /* Debug */ = {
			isa = XCBuildConfiguration;
			baseConfigurationReference = D8FF70A6CA610972FB49E5B9 /* Pods-RestSharer.debug.xcconfig */;
			buildSettings = {
				ASSETCATALOG_COMPILER_APPICON_NAME = AppIcon;
				ASSETCATALOG_COMPILER_GLOBAL_ACCENT_COLOR_NAME = AccentColor;
				CODE_SIGN_ENTITLEMENTS = RestSharer/RestSharer.entitlements;
				CODE_SIGN_STYLE = Automatic;
				CURRENT_PROJECT_VERSION = 1;
				DEVELOPMENT_ASSET_PATHS = "\"RestSharer/Preview Content\"";
				DEVELOPMENT_TEAM = MAZQ6JDBT4;
				ENABLE_PREVIEWS = YES;
				ENABLE_USER_SCRIPT_SANDBOXING = NO;
				GENERATE_INFOPLIST_FILE = YES;
				INFOPLIST_FILE = RestSharer/Info.plist;
				INFOPLIST_KEY_CFBundleDisplayName = RestSharer;
				INFOPLIST_KEY_LSApplicationCategoryType = "public.app-category.social-networking";
				INFOPLIST_KEY_NSLocationAlwaysAndWhenInUseUsageDescription = "해당 앱은 플레이스 정보 및 사용자의 현위치 정보를 사용하기 위해  권한이 필요합니다.";
				INFOPLIST_KEY_NSLocationWhenInUseUsageDescription = "해당 앱은 플레이스 정보 및 사용자의 현위치 정보를 사용하기 위해  권한이 필요합니다.";
				INFOPLIST_KEY_NSPhotoLibraryAddUsageDescription = "게시글이나 프로필 사진을 변경할 때 사용합니다.";
				INFOPLIST_KEY_UIApplicationSceneManifest_Generation = YES;
				INFOPLIST_KEY_UIApplicationSupportsIndirectInputEvents = YES;
				INFOPLIST_KEY_UILaunchScreen_Generation = YES;
				INFOPLIST_KEY_UISupportedInterfaceOrientations = UIInterfaceOrientationPortrait;
				INFOPLIST_KEY_UISupportedInterfaceOrientations_iPad = "UIInterfaceOrientationLandscapeLeft UIInterfaceOrientationLandscapeRight UIInterfaceOrientationPortrait UIInterfaceOrientationPortraitUpsideDown";
				INFOPLIST_KEY_UIUserInterfaceStyle = Light;
				IPHONEOS_DEPLOYMENT_TARGET = 17.0;
				LD_RUNPATH_SEARCH_PATHS = (
					"$(inherited)",
					"@executable_path/Frameworks",
				);
				MARKETING_VERSION = 1.0.1;
				PRODUCT_BUNDLE_IDENTIFIER = com.boogios.RestSharer;
				PRODUCT_NAME = "$(TARGET_NAME)";
				SUPPORTED_PLATFORMS = "iphoneos iphonesimulator";
				SUPPORTS_MACCATALYST = NO;
				SUPPORTS_MAC_DESIGNED_FOR_IPHONE_IPAD = NO;
				SUPPORTS_XR_DESIGNED_FOR_IPHONE_IPAD = NO;
				SWIFT_EMIT_LOC_STRINGS = YES;
				SWIFT_VERSION = 5.0;
				TARGETED_DEVICE_FAMILY = 1;
			};
			name = Debug;
		};
		3C770F652BDFD83D003FE3BB /* Release */ = {
			isa = XCBuildConfiguration;
			baseConfigurationReference = 01A1B258A5917BAB17B79E60 /* Pods-RestSharer.release.xcconfig */;
			buildSettings = {
				ASSETCATALOG_COMPILER_APPICON_NAME = AppIcon;
				ASSETCATALOG_COMPILER_GLOBAL_ACCENT_COLOR_NAME = AccentColor;
				CODE_SIGN_ENTITLEMENTS = RestSharer/RestSharer.entitlements;
				CODE_SIGN_STYLE = Automatic;
				CURRENT_PROJECT_VERSION = 1;
				DEVELOPMENT_ASSET_PATHS = "\"RestSharer/Preview Content\"";
				DEVELOPMENT_TEAM = MAZQ6JDBT4;
				ENABLE_PREVIEWS = YES;
				ENABLE_USER_SCRIPT_SANDBOXING = NO;
				GENERATE_INFOPLIST_FILE = YES;
				INFOPLIST_FILE = RestSharer/Info.plist;
				INFOPLIST_KEY_CFBundleDisplayName = RestSharer;
				INFOPLIST_KEY_LSApplicationCategoryType = "public.app-category.social-networking";
				INFOPLIST_KEY_NSLocationAlwaysAndWhenInUseUsageDescription = "해당 앱은 플레이스 정보 및 사용자의 현위치 정보를 사용하기 위해  권한이 필요합니다.";
				INFOPLIST_KEY_NSLocationWhenInUseUsageDescription = "해당 앱은 플레이스 정보 및 사용자의 현위치 정보를 사용하기 위해  권한이 필요합니다.";
				INFOPLIST_KEY_NSPhotoLibraryAddUsageDescription = "게시글이나 프로필 사진을 변경할 때 사용합니다.";
				INFOPLIST_KEY_UIApplicationSceneManifest_Generation = YES;
				INFOPLIST_KEY_UIApplicationSupportsIndirectInputEvents = YES;
				INFOPLIST_KEY_UILaunchScreen_Generation = YES;
				INFOPLIST_KEY_UISupportedInterfaceOrientations = UIInterfaceOrientationPortrait;
				INFOPLIST_KEY_UISupportedInterfaceOrientations_iPad = "UIInterfaceOrientationLandscapeLeft UIInterfaceOrientationLandscapeRight UIInterfaceOrientationPortrait UIInterfaceOrientationPortraitUpsideDown";
				INFOPLIST_KEY_UIUserInterfaceStyle = Light;
				IPHONEOS_DEPLOYMENT_TARGET = 17.0;
				LD_RUNPATH_SEARCH_PATHS = (
					"$(inherited)",
					"@executable_path/Frameworks",
				);
				MARKETING_VERSION = 1.0.1;
				PRODUCT_BUNDLE_IDENTIFIER = com.boogios.RestSharer;
				PRODUCT_NAME = "$(TARGET_NAME)";
				SUPPORTED_PLATFORMS = "iphoneos iphonesimulator";
				SUPPORTS_MACCATALYST = NO;
				SUPPORTS_MAC_DESIGNED_FOR_IPHONE_IPAD = NO;
				SUPPORTS_XR_DESIGNED_FOR_IPHONE_IPAD = NO;
				SWIFT_EMIT_LOC_STRINGS = YES;
				SWIFT_VERSION = 5.0;
				TARGETED_DEVICE_FAMILY = 1;
			};
			name = Release;
		};
/* End XCBuildConfiguration section */

/* Begin XCConfigurationList section */
		3C770F502BDFD83B003FE3BB /* Build configuration list for PBXProject "RestSharer" */ = {
			isa = XCConfigurationList;
			buildConfigurations = (
				3C770F612BDFD83D003FE3BB /* Debug */,
				3C770F622BDFD83D003FE3BB /* Release */,
			);
			defaultConfigurationIsVisible = 0;
			defaultConfigurationName = Release;
		};
		3C770F632BDFD83D003FE3BB /* Build configuration list for PBXNativeTarget "RestSharer" */ = {
			isa = XCConfigurationList;
			buildConfigurations = (
				3C770F642BDFD83D003FE3BB /* Debug */,
				3C770F652BDFD83D003FE3BB /* Release */,
			);
			defaultConfigurationIsVisible = 0;
			defaultConfigurationName = Release;
		};
/* End XCConfigurationList section */

/* Begin XCRemoteSwiftPackageReference section */
		3C5346442BFC74140097511B /* XCRemoteSwiftPackageReference "Kingfisher" */ = {
			isa = XCRemoteSwiftPackageReference;
			repositoryURL = "https://github.com/onevcat/Kingfisher.git";
			requirement = {
				kind = upToNextMajorVersion;
				minimumVersion = 7.11.0;
			};
		};
		3C5346542BFC86C50097511B /* XCRemoteSwiftPackageReference "Alamofire" */ = {
			isa = XCRemoteSwiftPackageReference;
			repositoryURL = "https://github.com/Alamofire/Alamofire.git";
			requirement = {
				kind = upToNextMajorVersion;
				minimumVersion = 5.9.1;
			};
		};
		3C770F802BDFDEC3003FE3BB /* XCRemoteSwiftPackageReference "firebase-ios-sdk" */ = {
			isa = XCRemoteSwiftPackageReference;
			repositoryURL = "https://github.com/firebase/firebase-ios-sdk";
			requirement = {
				kind = upToNextMajorVersion;
				minimumVersion = 10.24.0;
			};
		};
		3C770F922BE0115A003FE3BB /* XCRemoteSwiftPackageReference "GoogleSignIn-iOS" */ = {
			isa = XCRemoteSwiftPackageReference;
			repositoryURL = "https://github.com/google/GoogleSignIn-iOS";
			requirement = {
				kind = upToNextMajorVersion;
				minimumVersion = 7.1.0;
			};
		};
		CCA717542C282FBC00059D31 /* XCRemoteSwiftPackageReference "PopupView" */ = {
			isa = XCRemoteSwiftPackageReference;
			repositoryURL = "https://github.com/exyte/PopupView";
			requirement = {
				kind = upToNextMajorVersion;
				minimumVersion = 3.0.0;
			};
		};
/* End XCRemoteSwiftPackageReference section */

/* Begin XCSwiftPackageProductDependency section */
		3C482F752BE084780057D46D /* FirebaseAppCheck */ = {
			isa = XCSwiftPackageProductDependency;
			package = 3C770F802BDFDEC3003FE3BB /* XCRemoteSwiftPackageReference "firebase-ios-sdk" */;
			productName = FirebaseAppCheck;
		};
		3C5346452BFC74140097511B /* Kingfisher */ = {
			isa = XCSwiftPackageProductDependency;
			package = 3C5346442BFC74140097511B /* XCRemoteSwiftPackageReference "Kingfisher" */;
			productName = Kingfisher;
		};
		3C770F812BDFDEC3003FE3BB /* FirebaseAnalytics */ = {
			isa = XCSwiftPackageProductDependency;
			package = 3C770F802BDFDEC3003FE3BB /* XCRemoteSwiftPackageReference "firebase-ios-sdk" */;
			productName = FirebaseAnalytics;
		};
		3C770F832BDFDEC3003FE3BB /* FirebaseAnalyticsOnDeviceConversion */ = {
			isa = XCSwiftPackageProductDependency;
			package = 3C770F802BDFDEC3003FE3BB /* XCRemoteSwiftPackageReference "firebase-ios-sdk" */;
			productName = FirebaseAnalyticsOnDeviceConversion;
		};
		3C770F852BDFDEC3003FE3BB /* FirebaseAnalyticsSwift */ = {
			isa = XCSwiftPackageProductDependency;
			package = 3C770F802BDFDEC3003FE3BB /* XCRemoteSwiftPackageReference "firebase-ios-sdk" */;
			productName = FirebaseAnalyticsSwift;
		};
		3C770F872BDFDEC3003FE3BB /* FirebaseAnalyticsWithoutAdIdSupport */ = {
			isa = XCSwiftPackageProductDependency;
			package = 3C770F802BDFDEC3003FE3BB /* XCRemoteSwiftPackageReference "firebase-ios-sdk" */;
			productName = FirebaseAnalyticsWithoutAdIdSupport;
		};
		3C770F932BE0115A003FE3BB /* GoogleSignIn */ = {
			isa = XCSwiftPackageProductDependency;
			package = 3C770F922BE0115A003FE3BB /* XCRemoteSwiftPackageReference "GoogleSignIn-iOS" */;
			productName = GoogleSignIn;
		};
		3C770F952BE0115A003FE3BB /* GoogleSignInSwift */ = {
			isa = XCSwiftPackageProductDependency;
			package = 3C770F922BE0115A003FE3BB /* XCRemoteSwiftPackageReference "GoogleSignIn-iOS" */;
			productName = GoogleSignInSwift;
		};
		3C770F982BE01212003FE3BB /* FirebaseAuth */ = {
			isa = XCSwiftPackageProductDependency;
			package = 3C770F802BDFDEC3003FE3BB /* XCRemoteSwiftPackageReference "firebase-ios-sdk" */;
			productName = FirebaseAuth;
		};
		3C770F9A2BE01292003FE3BB /* FirebaseAppDistribution-Beta */ = {
			isa = XCSwiftPackageProductDependency;
			package = 3C770F802BDFDEC3003FE3BB /* XCRemoteSwiftPackageReference "firebase-ios-sdk" */;
			productName = "FirebaseAppDistribution-Beta";
		};
		3C770F9C2BE01292003FE3BB /* FirebaseAuthCombine-Community */ = {
			isa = XCSwiftPackageProductDependency;
			package = 3C770F802BDFDEC3003FE3BB /* XCRemoteSwiftPackageReference "firebase-ios-sdk" */;
			productName = "FirebaseAuthCombine-Community";
		};
		3C770F9E2BE01292003FE3BB /* FirebaseCrashlytics */ = {
			isa = XCSwiftPackageProductDependency;
			package = 3C770F802BDFDEC3003FE3BB /* XCRemoteSwiftPackageReference "firebase-ios-sdk" */;
			productName = FirebaseCrashlytics;
		};
		3C770FA02BE01292003FE3BB /* FirebaseDatabase */ = {
			isa = XCSwiftPackageProductDependency;
			package = 3C770F802BDFDEC3003FE3BB /* XCRemoteSwiftPackageReference "firebase-ios-sdk" */;
			productName = FirebaseDatabase;
		};
		3C770FA22BE01292003FE3BB /* FirebaseDatabaseSwift */ = {
			isa = XCSwiftPackageProductDependency;
			package = 3C770F802BDFDEC3003FE3BB /* XCRemoteSwiftPackageReference "firebase-ios-sdk" */;
			productName = FirebaseDatabaseSwift;
		};
		3C770FA42BE01292003FE3BB /* FirebaseDynamicLinks */ = {
			isa = XCSwiftPackageProductDependency;
			package = 3C770F802BDFDEC3003FE3BB /* XCRemoteSwiftPackageReference "firebase-ios-sdk" */;
			productName = FirebaseDynamicLinks;
		};
		3C770FA62BE01292003FE3BB /* FirebaseFirestore */ = {
			isa = XCSwiftPackageProductDependency;
			package = 3C770F802BDFDEC3003FE3BB /* XCRemoteSwiftPackageReference "firebase-ios-sdk" */;
			productName = FirebaseFirestore;
		};
		3C770FA82BE01292003FE3BB /* FirebaseFirestoreCombine-Community */ = {
			isa = XCSwiftPackageProductDependency;
			package = 3C770F802BDFDEC3003FE3BB /* XCRemoteSwiftPackageReference "firebase-ios-sdk" */;
			productName = "FirebaseFirestoreCombine-Community";
		};
		3C770FAA2BE01292003FE3BB /* FirebaseFirestoreSwift */ = {
			isa = XCSwiftPackageProductDependency;
			package = 3C770F802BDFDEC3003FE3BB /* XCRemoteSwiftPackageReference "firebase-ios-sdk" */;
			productName = FirebaseFirestoreSwift;
		};
		3C770FAC2BE01292003FE3BB /* FirebaseFunctions */ = {
			isa = XCSwiftPackageProductDependency;
			package = 3C770F802BDFDEC3003FE3BB /* XCRemoteSwiftPackageReference "firebase-ios-sdk" */;
			productName = FirebaseFunctions;
		};
		3C770FAE2BE01292003FE3BB /* FirebaseFunctionsCombine-Community */ = {
			isa = XCSwiftPackageProductDependency;
			package = 3C770F802BDFDEC3003FE3BB /* XCRemoteSwiftPackageReference "firebase-ios-sdk" */;
			productName = "FirebaseFunctionsCombine-Community";
		};
		3C770FB42BE01292003FE3BB /* FirebaseInstallations */ = {
			isa = XCSwiftPackageProductDependency;
			package = 3C770F802BDFDEC3003FE3BB /* XCRemoteSwiftPackageReference "firebase-ios-sdk" */;
			productName = FirebaseInstallations;
		};
		3C770FB82BE01292003FE3BB /* FirebaseMLModelDownloader */ = {
			isa = XCSwiftPackageProductDependency;
			package = 3C770F802BDFDEC3003FE3BB /* XCRemoteSwiftPackageReference "firebase-ios-sdk" */;
			productName = FirebaseMLModelDownloader;
		};
		3C770FBA2BE01292003FE3BB /* FirebasePerformance */ = {
			isa = XCSwiftPackageProductDependency;
			package = 3C770F802BDFDEC3003FE3BB /* XCRemoteSwiftPackageReference "firebase-ios-sdk" */;
			productName = FirebasePerformance;
		};
		3C770FBC2BE01292003FE3BB /* FirebaseRemoteConfig */ = {
			isa = XCSwiftPackageProductDependency;
			package = 3C770F802BDFDEC3003FE3BB /* XCRemoteSwiftPackageReference "firebase-ios-sdk" */;
			productName = FirebaseRemoteConfig;
		};
		3C770FBE2BE01292003FE3BB /* FirebaseRemoteConfigSwift */ = {
			isa = XCSwiftPackageProductDependency;
			package = 3C770F802BDFDEC3003FE3BB /* XCRemoteSwiftPackageReference "firebase-ios-sdk" */;
			productName = FirebaseRemoteConfigSwift;
		};
		3C770FC02BE01292003FE3BB /* FirebaseStorage */ = {
			isa = XCSwiftPackageProductDependency;
			package = 3C770F802BDFDEC3003FE3BB /* XCRemoteSwiftPackageReference "firebase-ios-sdk" */;
			productName = FirebaseStorage;
		};
		3C770FC22BE01292003FE3BB /* FirebaseStorageCombine-Community */ = {
			isa = XCSwiftPackageProductDependency;
			package = 3C770F802BDFDEC3003FE3BB /* XCRemoteSwiftPackageReference "firebase-ios-sdk" */;
			productName = "FirebaseStorageCombine-Community";
		};
		3CB45CE82C0581FE00029934 /* Alamofire */ = {
			isa = XCSwiftPackageProductDependency;
			package = 3C5346542BFC86C50097511B /* XCRemoteSwiftPackageReference "Alamofire" */;
			productName = Alamofire;
		};
		CCA717552C282FBC00059D31 /* PopupView */ = {
			isa = XCSwiftPackageProductDependency;
			package = CCA717542C282FBC00059D31 /* XCRemoteSwiftPackageReference "PopupView" */;
			productName = PopupView;
		};
/* End XCSwiftPackageProductDependency section */
	};
	rootObject = 3C770F4D2BDFD83B003FE3BB /* Project object */;
}
